PODS:
  - APIKit (3.1.1):
    - Result (~> 3.0)
  - APIKitExt/Argo (0.0.1):
    - APIKitExt/Core
    - Argo (= 4.1.1)
  - APIKitExt/Core (0.0.1):
    - APIKit (= 3.1.1)
  - APIKitExt/Himotoki (0.0.1):
    - APIKitExt/Core
    - Himotoki (= 3.0.0)
  - APIKitExt/ObjectMapper (0.0.1):
    - APIKitExt/Core
    - ObjectMapper (= 2.2.2)
  - APIKitExt/RxSwift (0.0.1):
    - APIKitExt/Core
    - RxSwift (= 3.0.1)
  - APIKitExt/SwiftyJSON (0.0.1):
    - APIKitExt/Core
    - SwiftyJSON (= 3.1.4)
  - Argo (4.1.1):
    - Runes (>= 4.0.0)
  - Curry (3.0.0)
  - Himotoki (3.0.0)
  - ObjectMapper (2.2.2)
  - Result (3.1.0)
  - Runes (4.0.1)
  - RxCocoa (3.0.1):
    - RxSwift (~> 3.0)
  - RxSwift (3.0.1)
  - RxTest (3.1.0):
    - RxSwift (~> 3.0)
  - SwiftyJSON (3.1.4)

DEPENDENCIES:
  - APIKitExt/Argo (from `../`)
  - APIKitExt/Himotoki (from `../`)
  - APIKitExt/ObjectMapper (from `../`)
  - APIKitExt/RxSwift (from `../`)
  - APIKitExt/SwiftyJSON (from `../`)
  - Curry (= 3.0.0)
  - RxCocoa (~> 3.0)
  - RxTest (~> 3.0)

EXTERNAL SOURCES:
  APIKitExt:
    :path: "../"

SPEC CHECKSUMS:
  APIKit: 7460983f490d3bde6aaaaa4164d18c9865a6f91d
  APIKitExt: a78249cbb8f6b4eaadb6a90ce99109d147f1dec9
  Argo: 014ac072f97462bc1a9b83d302edb351488a532f
  Curry: eb3d2c75aec678b3cc7fb2729d2ad6dd121531d1
  Himotoki: df74b01035e86e021b7b04a15b033a7fd189b84f
  ObjectMapper: 9e385c2295bcc4e16eabbcfc85db801442bba545
  Result: 4e3ed5995ed94d0cd6a09be9a431fce3f3624bbf
  Runes: ff20f163b478ac2c0e18158d6086fd5b1997f983
  RxCocoa: 15a52fc590dcc700cb4a690a633b5c5184ce3a78
  RxSwift: af5680055c4ad04480189c52d28385b1029493a6
  RxTest: 661e33b5022682961784da03cf79c175fcc4bd64
  SwiftyJSON: c2842d878f95482ffceec5709abc3d05680c0220

PODFILE CHECKSUM: 9d86c965ff76a55af464ec29ab16cb523c78dcc1

COCOAPODS: 1.1.1
