// !$*UTF8*$!
{
	archiveVersion = 1;
	classes = {
	};
	objectVersion = 46;
	objects = {

/* Begin PBXBuildFile section */
		295C949CA0D515DD9C75CA84 /* Pods_Argo_Sample.framework in Frameworks */ = {isa = PBXBuildFile; fileRef = A3BACFDE94ED969ED09DCFD8 /* Pods_Argo_Sample.framework */; };
		50F2369A0FBB87D84B5F1B75 /* Pods_JASON_Sample.framework in Frameworks */ = {isa = PBXBuildFile; fileRef = 332C2677DCA11BC879811997 /* Pods_JASON_Sample.framework */; };
		5F7033B20EC798ADAC87155F /* Pods_ObjectMapper_Sample.framework in Frameworks */ = {isa = PBXBuildFile; fileRef = E12143C29DE185124C66F4CE /* Pods_ObjectMapper_Sample.framework */; };
		607FACD61AFB9204008FA782 /* AppDelegate.swift in Sources */ = {isa = PBXBuildFile; fileRef = 607FACD51AFB9204008FA782 /* AppDelegate.swift */; };
		607FACD81AFB9204008FA782 /* ViewController.swift in Sources */ = {isa = PBXBuildFile; fileRef = 607FACD71AFB9204008FA782 /* ViewController.swift */; };
		607FACDB1AFB9204008FA782 /* Main.storyboard in Resources */ = {isa = PBXBuildFile; fileRef = 607FACD91AFB9204008FA782 /* Main.storyboard */; };
		607FACDD1AFB9204008FA782 /* Images.xcassets in Resources */ = {isa = PBXBuildFile; fileRef = 607FACDC1AFB9204008FA782 /* Images.xcassets */; };
		607FACE01AFB9204008FA782 /* LaunchScreen.xib in Resources */ = {isa = PBXBuildFile; fileRef = 607FACDE1AFB9204008FA782 /* LaunchScreen.xib */; };
		71CD502CEBCFAD73C73ACBA0 /* Pods_SwiftyJSON_Sample.framework in Frameworks */ = {isa = PBXBuildFile; fileRef = 19E6603C0A7D7976711593B1 /* Pods_SwiftyJSON_Sample.framework */; };
		75AC433D3700BE5E7378B152 /* Pods_Himotoki_Sample.framework in Frameworks */ = {isa = PBXBuildFile; fileRef = C022DE1207B2E45F049F73B9 /* Pods_Himotoki_Sample.framework */; };
		8EAEFA06590038ED2AAC1C52 /* Pods_Himotoki_Sample_Tests.framework in Frameworks */ = {isa = PBXBuildFile; fileRef = ABF5A26F12795318C0C7B412 /* Pods_Himotoki_Sample_Tests.framework */; };
		B401BABD1E0D2C6100F93BC4 /* RepoRequest.swift in Sources */ = {isa = PBXBuildFile; fileRef = B401BABC1E0D2C6100F93BC4 /* RepoRequest.swift */; };
		B401BABF1E0D2C9500F93BC4 /* Repo.swift in Sources */ = {isa = PBXBuildFile; fileRef = B401BABE1E0D2C9500F93BC4 /* Repo.swift */; };
		B401BAC11E0D677E00F93BC4 /* GithubAPIService.swift in Sources */ = {isa = PBXBuildFile; fileRef = B401BAC01E0D677E00F93BC4 /* GithubAPIService.swift */; };
		B401BAC31E0D6DFA00F93BC4 /* SchedulerService.swift in Sources */ = {isa = PBXBuildFile; fileRef = B401BAC21E0D6DFA00F93BC4 /* SchedulerService.swift */; };
		B406BB9F1E2D2D8200B0D2A4 /* Assets.xcassets in Resources */ = {isa = PBXBuildFile; fileRef = B406BB921E2D2D8200B0D2A4 /* Assets.xcassets */; };
		B406BBA01E2D2D8200B0D2A4 /* LaunchScreen.storyboard in Resources */ = {isa = PBXBuildFile; fileRef = B406BB931E2D2D8200B0D2A4 /* LaunchScreen.storyboard */; };
		B406BBA11E2D2D8200B0D2A4 /* Main.storyboard in Resources */ = {isa = PBXBuildFile; fileRef = B406BB951E2D2D8200B0D2A4 /* Main.storyboard */; };
		B406BBA21E2D2D8200B0D2A4 /* Info.plist in Resources */ = {isa = PBXBuildFile; fileRef = B406BB971E2D2D8200B0D2A4 /* Info.plist */; };
		B406BBAE1E2D304500B0D2A4 /* RepoRequest.swift in Sources */ = {isa = PBXBuildFile; fileRef = B406BB9B1E2D2D8200B0D2A4 /* RepoRequest.swift */; };
		B406BBB11E2D304500B0D2A4 /* Repo.swift in Sources */ = {isa = PBXBuildFile; fileRef = B406BB9A1E2D2D8200B0D2A4 /* Repo.swift */; };
		B406BBB31E2D304500B0D2A4 /* ViewController.swift in Sources */ = {isa = PBXBuildFile; fileRef = B406BB9D1E2D2D8200B0D2A4 /* ViewController.swift */; };
		B406BBB41E2D304500B0D2A4 /* SchedulerService.swift in Sources */ = {isa = PBXBuildFile; fileRef = B406BB9C1E2D2D8200B0D2A4 /* SchedulerService.swift */; };
		B406BBB51E2D304500B0D2A4 /* AppDelegate.swift in Sources */ = {isa = PBXBuildFile; fileRef = B406BB911E2D2D8200B0D2A4 /* AppDelegate.swift */; };
		B406BBB81E2D304500B0D2A4 /* GithubAPIService.swift in Sources */ = {isa = PBXBuildFile; fileRef = B406BB991E2D2D8200B0D2A4 /* GithubAPIService.swift */; };
		B406BBBC1E2D304500B0D2A4 /* Main.storyboard in Resources */ = {isa = PBXBuildFile; fileRef = 607FACD91AFB9204008FA782 /* Main.storyboard */; };
		B406BBBD1E2D304500B0D2A4 /* LaunchScreen.xib in Resources */ = {isa = PBXBuildFile; fileRef = 607FACDE1AFB9204008FA782 /* LaunchScreen.xib */; };
		B406BBBE1E2D304500B0D2A4 /* Assets.xcassets in Resources */ = {isa = PBXBuildFile; fileRef = B406BB921E2D2D8200B0D2A4 /* Assets.xcassets */; };
		B406BBBF1E2D304500B0D2A4 /* Main.storyboard in Resources */ = {isa = PBXBuildFile; fileRef = B406BB951E2D2D8200B0D2A4 /* Main.storyboard */; };
		B406BBC01E2D304500B0D2A4 /* LaunchScreen.storyboard in Resources */ = {isa = PBXBuildFile; fileRef = B406BB931E2D2D8200B0D2A4 /* LaunchScreen.storyboard */; };
		B406BBC11E2D304500B0D2A4 /* Images.xcassets in Resources */ = {isa = PBXBuildFile; fileRef = 607FACDC1AFB9204008FA782 /* Images.xcassets */; };
		B412A5571E34A4A90073C683 /* GithubAPIService.swift in Sources */ = {isa = PBXBuildFile; fileRef = B44A08731E34A3240013C000 /* GithubAPIService.swift */; };
		B412A5581E34A4A90073C683 /* Repo.swift in Sources */ = {isa = PBXBuildFile; fileRef = B44A08741E34A3240013C000 /* Repo.swift */; };
		B412A5591E34A4A90073C683 /* RepoRequest.swift in Sources */ = {isa = PBXBuildFile; fileRef = B44A08751E34A3240013C000 /* RepoRequest.swift */; };
		B412A55A1E34A4A90073C683 /* SchedulerService.swift in Sources */ = {isa = PBXBuildFile; fileRef = B44A08761E34A3240013C000 /* SchedulerService.swift */; };
		B412A55B1E34A4C10073C683 /* AppDelegate.swift in Sources */ = {isa = PBXBuildFile; fileRef = B44A086C1E34A3240013C000 /* AppDelegate.swift */; };
		B412A55C1E34A4C10073C683 /* ViewController.swift in Sources */ = {isa = PBXBuildFile; fileRef = B44A08791E34A3240013C000 /* ViewController.swift */; };
		B412A5671E34AE690073C683 /* Pods_Argo_Sample.framework in Frameworks */ = {isa = PBXBuildFile; fileRef = A3BACFDE94ED969ED09DCFD8 /* Pods_Argo_Sample.framework */; };
		B412A5691E34AE690073C683 /* LaunchScreen.storyboard in Resources */ = {isa = PBXBuildFile; fileRef = B41BC43F1E0E37450075ED16 /* LaunchScreen.storyboard */; };
		B412A56A1E34AE690073C683 /* Assets.xcassets in Resources */ = {isa = PBXBuildFile; fileRef = B41BC43D1E0E37450075ED16 /* Assets.xcassets */; };
		B412A56B1E34AE690073C683 /* Main.storyboard in Resources */ = {isa = PBXBuildFile; fileRef = B41BC43A1E0E37450075ED16 /* Main.storyboard */; };
		B412A5821E34AE820073C683 /* Assets.xcassets in Resources */ = {isa = PBXBuildFile; fileRef = B412A5751E34AE820073C683 /* Assets.xcassets */; };
		B412A5831E34AE820073C683 /* LaunchScreen.storyboard in Resources */ = {isa = PBXBuildFile; fileRef = B412A5761E34AE820073C683 /* LaunchScreen.storyboard */; };
		B412A5841E34AE820073C683 /* Main.storyboard in Resources */ = {isa = PBXBuildFile; fileRef = B412A5781E34AE820073C683 /* Main.storyboard */; };
		B412A5851E34AE820073C683 /* Info.plist in Resources */ = {isa = PBXBuildFile; fileRef = B412A57A1E34AE820073C683 /* Info.plist */; };
		B412A58B1E34AF3A0073C683 /* AppDelegate.swift in Sources */ = {isa = PBXBuildFile; fileRef = B412A5741E34AE820073C683 /* AppDelegate.swift */; };
		B412A58C1E34AF3E0073C683 /* ViewController.swift in Sources */ = {isa = PBXBuildFile; fileRef = B412A5801E34AE820073C683 /* ViewController.swift */; };
		B412A58D1E34AF420073C683 /* GithubAPIService.swift in Sources */ = {isa = PBXBuildFile; fileRef = B412A57C1E34AE820073C683 /* GithubAPIService.swift */; };
		B412A58E1E34AF420073C683 /* Repo.swift in Sources */ = {isa = PBXBuildFile; fileRef = B412A57D1E34AE820073C683 /* Repo.swift */; };
		B412A58F1E34AF420073C683 /* RepoRequest.swift in Sources */ = {isa = PBXBuildFile; fileRef = B412A57E1E34AE820073C683 /* RepoRequest.swift */; };
		B412A5901E34AF420073C683 /* SchedulerService.swift in Sources */ = {isa = PBXBuildFile; fileRef = B412A57F1E34AE820073C683 /* SchedulerService.swift */; };
		B41375151E23CA040030460E /* Repo.xib in Resources */ = {isa = PBXBuildFile; fileRef = B41375141E23CA040030460E /* Repo.xib */; };
		B41375191E23CA3C0030460E /* RepoTableViewCell.swift in Sources */ = {isa = PBXBuildFile; fileRef = B41375181E23CA3C0030460E /* RepoTableViewCell.swift */; };
		B413751C1E23CE2E0030460E /* RepoViewModel.swift in Sources */ = {isa = PBXBuildFile; fileRef = B413751B1E23CE2E0030460E /* RepoViewModel.swift */; };
		B413751F1E23D01E0030460E /* UIImageView.swift in Sources */ = {isa = PBXBuildFile; fileRef = B413751E1E23D01E0030460E /* UIImageView.swift */; };
		B41375271E23D3490030460E /* RepoViewModelTest.swift in Sources */ = {isa = PBXBuildFile; fileRef = B41375261E23D3490030460E /* RepoViewModelTest.swift */; };
		B41BC4371E0E37450075ED16 /* AppDelegate.swift in Sources */ = {isa = PBXBuildFile; fileRef = B41BC4361E0E37450075ED16 /* AppDelegate.swift */; };
		B41BC4391E0E37450075ED16 /* ViewController.swift in Sources */ = {isa = PBXBuildFile; fileRef = B41BC4381E0E37450075ED16 /* ViewController.swift */; };
		B41BC43C1E0E37450075ED16 /* Main.storyboard in Resources */ = {isa = PBXBuildFile; fileRef = B41BC43A1E0E37450075ED16 /* Main.storyboard */; };
		B41BC43E1E0E37450075ED16 /* Assets.xcassets in Resources */ = {isa = PBXBuildFile; fileRef = B41BC43D1E0E37450075ED16 /* Assets.xcassets */; };
		B41BC4411E0E37450075ED16 /* LaunchScreen.storyboard in Resources */ = {isa = PBXBuildFile; fileRef = B41BC43F1E0E37450075ED16 /* LaunchScreen.storyboard */; };
		B41BC44B1E0E3B260075ED16 /* GithubAPIService.swift in Sources */ = {isa = PBXBuildFile; fileRef = B41BC4471E0E3B260075ED16 /* GithubAPIService.swift */; };
		B41BC44C1E0E3B260075ED16 /* Repo.swift in Sources */ = {isa = PBXBuildFile; fileRef = B41BC4481E0E3B260075ED16 /* Repo.swift */; };
		B41BC44D1E0E3B260075ED16 /* RepoRequest.swift in Sources */ = {isa = PBXBuildFile; fileRef = B41BC4491E0E3B260075ED16 /* RepoRequest.swift */; };
		B41BC44E1E0E3B260075ED16 /* SchedulerService.swift in Sources */ = {isa = PBXBuildFile; fileRef = B41BC44A1E0E3B260075ED16 /* SchedulerService.swift */; };
		B43DF67A1E0E611C0045688F /* AppDelegate.swift in Sources */ = {isa = PBXBuildFile; fileRef = B43DF6791E0E611C0045688F /* AppDelegate.swift */; };
		B43DF67C1E0E611C0045688F /* RepoViewController.swift in Sources */ = {isa = PBXBuildFile; fileRef = B43DF67B1E0E611C0045688F /* RepoViewController.swift */; };
		B43DF67F1E0E611C0045688F /* Main.storyboard in Resources */ = {isa = PBXBuildFile; fileRef = B43DF67D1E0E611C0045688F /* Main.storyboard */; };
		B43DF6811E0E611C0045688F /* Assets.xcassets in Resources */ = {isa = PBXBuildFile; fileRef = B43DF6801E0E611C0045688F /* Assets.xcassets */; };
		B43DF6841E0E611C0045688F /* LaunchScreen.storyboard in Resources */ = {isa = PBXBuildFile; fileRef = B43DF6821E0E611C0045688F /* LaunchScreen.storyboard */; };
		B43DF68E1E0E618E0045688F /* GithubAPIService.swift in Sources */ = {isa = PBXBuildFile; fileRef = B43DF68A1E0E618E0045688F /* GithubAPIService.swift */; };
		B43DF68F1E0E618E0045688F /* Repo.swift in Sources */ = {isa = PBXBuildFile; fileRef = B43DF68B1E0E618E0045688F /* Repo.swift */; };
		B43DF6901E0E618E0045688F /* RepoRequest.swift in Sources */ = {isa = PBXBuildFile; fileRef = B43DF68C1E0E618E0045688F /* RepoRequest.swift */; };
		B43DF6911E0E618E0045688F /* SchedulerService.swift in Sources */ = {isa = PBXBuildFile; fileRef = B43DF68D1E0E618E0045688F /* SchedulerService.swift */; };
		B44A085D1E34A2C30013C000 /* Main.storyboard in Resources */ = {isa = PBXBuildFile; fileRef = 607FACD91AFB9204008FA782 /* Main.storyboard */; };
		B44A085E1E34A2C30013C000 /* LaunchScreen.xib in Resources */ = {isa = PBXBuildFile; fileRef = 607FACDE1AFB9204008FA782 /* LaunchScreen.xib */; };
		B44A085F1E34A2C30013C000 /* Assets.xcassets in Resources */ = {isa = PBXBuildFile; fileRef = B406BB921E2D2D8200B0D2A4 /* Assets.xcassets */; };
		B44A08601E34A2C30013C000 /* Main.storyboard in Resources */ = {isa = PBXBuildFile; fileRef = B406BB951E2D2D8200B0D2A4 /* Main.storyboard */; };
		B44A08611E34A2C30013C000 /* LaunchScreen.storyboard in Resources */ = {isa = PBXBuildFile; fileRef = B406BB931E2D2D8200B0D2A4 /* LaunchScreen.storyboard */; };
		B44A08621E34A2C30013C000 /* Images.xcassets in Resources */ = {isa = PBXBuildFile; fileRef = 607FACDC1AFB9204008FA782 /* Images.xcassets */; };
		B44A08631E34A2C30013C000 /* Info.plist in Resources */ = {isa = PBXBuildFile; fileRef = B406BB971E2D2D8200B0D2A4 /* Info.plist */; };
		B44A087B1E34A3240013C000 /* LaunchScreen.xib in Resources */ = {isa = PBXBuildFile; fileRef = B44A086D1E34A3240013C000 /* LaunchScreen.xib */; };
		B44A087C1E34A3240013C000 /* Main.storyboard in Resources */ = {isa = PBXBuildFile; fileRef = B44A086F1E34A3240013C000 /* Main.storyboard */; };
		B44A087D1E34A3240013C000 /* Images.xcassets in Resources */ = {isa = PBXBuildFile; fileRef = B44A08711E34A3240013C000 /* Images.xcassets */; };
		B44A08821E34A3240013C000 /* Info.plist in Resources */ = {isa = PBXBuildFile; fileRef = B44A08781E34A3240013C000 /* Info.plist */; };
		E5FE16BE57B62F4C417B0210 /* Pods_ModelMapper_Sample.framework in Frameworks */ = {isa = PBXBuildFile; fileRef = 57FBBC9D6238E979AEB3EA73 /* Pods_ModelMapper_Sample.framework */; };
/* End PBXBuildFile section */

/* Begin PBXContainerItemProxy section */
		B41375291E23D3490030460E /* PBXContainerItemProxy */ = {
			isa = PBXContainerItemProxy;
			containerPortal = 607FACC81AFB9204008FA782 /* Project object */;
			proxyType = 1;
			remoteGlobalIDString = B43DF6761E0E611C0045688F;
			remoteInfo = "Himotoki Sample";
		};
/* End PBXContainerItemProxy section */

/* Begin PBXFileReference section */
		19E6603C0A7D7976711593B1 /* Pods_SwiftyJSON_Sample.framework */ = {isa = PBXFileReference; explicitFileType = wrapper.framework; includeInIndex = 0; path = Pods_SwiftyJSON_Sample.framework; sourceTree = BUILT_PRODUCTS_DIR; };
		2190DC169E246D97F5BF2C01 /* Pods-ModelMapper Sample.release.xcconfig */ = {isa = PBXFileReference; includeInIndex = 1; lastKnownFileType = text.xcconfig; name = "Pods-ModelMapper Sample.release.xcconfig"; path = "Pods/Target Support Files/Pods-ModelMapper Sample/Pods-ModelMapper Sample.release.xcconfig"; sourceTree = "<group>"; };
		332C2677DCA11BC879811997 /* Pods_JASON_Sample.framework */ = {isa = PBXFileReference; explicitFileType = wrapper.framework; includeInIndex = 0; path = Pods_JASON_Sample.framework; sourceTree = BUILT_PRODUCTS_DIR; };
		35D957EF86DDF3E2EA6866FD /* Pods-SwiftyJSON Sample.release.xcconfig */ = {isa = PBXFileReference; includeInIndex = 1; lastKnownFileType = text.xcconfig; name = "Pods-SwiftyJSON Sample.release.xcconfig"; path = "Pods/Target Support Files/Pods-SwiftyJSON Sample/Pods-SwiftyJSON Sample.release.xcconfig"; sourceTree = "<group>"; };
		39BA8789BBAC353484FB9227 /* Pods-Himotoki Sample.release.xcconfig */ = {isa = PBXFileReference; includeInIndex = 1; lastKnownFileType = text.xcconfig; name = "Pods-Himotoki Sample.release.xcconfig"; path = "Pods/Target Support Files/Pods-Himotoki Sample/Pods-Himotoki Sample.release.xcconfig"; sourceTree = "<group>"; };
		44BE6AB2EA12361CB8B94FE5 /* Pods-SwiftyJSON Sample.debug.xcconfig */ = {isa = PBXFileReference; includeInIndex = 1; lastKnownFileType = text.xcconfig; name = "Pods-SwiftyJSON Sample.debug.xcconfig"; path = "Pods/Target Support Files/Pods-SwiftyJSON Sample/Pods-SwiftyJSON Sample.debug.xcconfig"; sourceTree = "<group>"; };
		4CA51FD4328266D934638AF8 /* Pods-JASON Sample.release.xcconfig */ = {isa = PBXFileReference; includeInIndex = 1; lastKnownFileType = text.xcconfig; name = "Pods-JASON Sample.release.xcconfig"; path = "Pods/Target Support Files/Pods-JASON Sample/Pods-JASON Sample.release.xcconfig"; sourceTree = "<group>"; };
		57FBBC9D6238E979AEB3EA73 /* Pods_ModelMapper_Sample.framework */ = {isa = PBXFileReference; explicitFileType = wrapper.framework; includeInIndex = 0; path = Pods_ModelMapper_Sample.framework; sourceTree = BUILT_PRODUCTS_DIR; };
		607FACD01AFB9204008FA782 /* ObjectMapper Sample.app */ = {isa = PBXFileReference; explicitFileType = wrapper.application; includeInIndex = 0; path = "ObjectMapper Sample.app"; sourceTree = BUILT_PRODUCTS_DIR; };
		607FACD41AFB9204008FA782 /* Info.plist */ = {isa = PBXFileReference; lastKnownFileType = text.plist.xml; path = Info.plist; sourceTree = "<group>"; };
		607FACD51AFB9204008FA782 /* AppDelegate.swift */ = {isa = PBXFileReference; lastKnownFileType = sourcecode.swift; path = AppDelegate.swift; sourceTree = "<group>"; };
		607FACD71AFB9204008FA782 /* ViewController.swift */ = {isa = PBXFileReference; lastKnownFileType = sourcecode.swift; path = ViewController.swift; sourceTree = "<group>"; };
		607FACDA1AFB9204008FA782 /* Base */ = {isa = PBXFileReference; lastKnownFileType = file.storyboard; name = Base; path = Base.lproj/Main.storyboard; sourceTree = "<group>"; };
		607FACDC1AFB9204008FA782 /* Images.xcassets */ = {isa = PBXFileReference; lastKnownFileType = folder.assetcatalog; path = Images.xcassets; sourceTree = "<group>"; };
		607FACDF1AFB9204008FA782 /* Base */ = {isa = PBXFileReference; lastKnownFileType = file.xib; name = Base; path = Base.lproj/LaunchScreen.xib; sourceTree = "<group>"; };
		7DBE3AD0C570CECB61AA3D9B /* Pods-Argo Sample.release.xcconfig */ = {isa = PBXFileReference; includeInIndex = 1; lastKnownFileType = text.xcconfig; name = "Pods-Argo Sample.release.xcconfig"; path = "Pods/Target Support Files/Pods-Argo Sample/Pods-Argo Sample.release.xcconfig"; sourceTree = "<group>"; };
		81D83B10964604D9E4BAB7C4 /* README.md */ = {isa = PBXFileReference; includeInIndex = 1; lastKnownFileType = net.daringfireball.markdown; name = README.md; path = ../../README.md; sourceTree = "<group>"; };
		A3BACFDE94ED969ED09DCFD8 /* Pods_Argo_Sample.framework */ = {isa = PBXFileReference; explicitFileType = wrapper.framework; includeInIndex = 0; path = Pods_Argo_Sample.framework; sourceTree = BUILT_PRODUCTS_DIR; };
		A5EF206D927F04BE6F7BDB0D /* APIKitExt.podspec */ = {isa = PBXFileReference; includeInIndex = 1; lastKnownFileType = text; name = APIKitExt.podspec; path = ../../APIKitExt.podspec; sourceTree = "<group>"; };
		ABF5A26F12795318C0C7B412 /* Pods_Himotoki_Sample_Tests.framework */ = {isa = PBXFileReference; explicitFileType = wrapper.framework; includeInIndex = 0; path = Pods_Himotoki_Sample_Tests.framework; sourceTree = BUILT_PRODUCTS_DIR; };
		B1CECC39C84E609EFE21DC83 /* Pods-Himotoki Sample.debug.xcconfig */ = {isa = PBXFileReference; includeInIndex = 1; lastKnownFileType = text.xcconfig; name = "Pods-Himotoki Sample.debug.xcconfig"; path = "Pods/Target Support Files/Pods-Himotoki Sample/Pods-Himotoki Sample.debug.xcconfig"; sourceTree = "<group>"; };
		B401BABC1E0D2C6100F93BC4 /* RepoRequest.swift */ = {isa = PBXFileReference; fileEncoding = 4; lastKnownFileType = sourcecode.swift; path = RepoRequest.swift; sourceTree = "<group>"; };
		B401BABE1E0D2C9500F93BC4 /* Repo.swift */ = {isa = PBXFileReference; fileEncoding = 4; lastKnownFileType = sourcecode.swift; path = Repo.swift; sourceTree = "<group>"; };
		B401BAC01E0D677E00F93BC4 /* GithubAPIService.swift */ = {isa = PBXFileReference; fileEncoding = 4; lastKnownFileType = sourcecode.swift; path = GithubAPIService.swift; sourceTree = "<group>"; };
		B401BAC21E0D6DFA00F93BC4 /* SchedulerService.swift */ = {isa = PBXFileReference; fileEncoding = 4; lastKnownFileType = sourcecode.swift; path = SchedulerService.swift; sourceTree = "<group>"; };
		B406BB911E2D2D8200B0D2A4 /* AppDelegate.swift */ = {isa = PBXFileReference; fileEncoding = 4; lastKnownFileType = sourcecode.swift; path = AppDelegate.swift; sourceTree = "<group>"; };
		B406BB921E2D2D8200B0D2A4 /* Assets.xcassets */ = {isa = PBXFileReference; lastKnownFileType = folder.assetcatalog; path = Assets.xcassets; sourceTree = "<group>"; };
		B406BB941E2D2D8200B0D2A4 /* Base */ = {isa = PBXFileReference; lastKnownFileType = file.storyboard; name = Base; path = Base.lproj/LaunchScreen.storyboard; sourceTree = "<group>"; };
		B406BB961E2D2D8200B0D2A4 /* Base */ = {isa = PBXFileReference; lastKnownFileType = file.storyboard; name = Base; path = Base.lproj/Main.storyboard; sourceTree = "<group>"; };
		B406BB971E2D2D8200B0D2A4 /* Info.plist */ = {isa = PBXFileReference; fileEncoding = 4; lastKnownFileType = text.plist.xml; path = Info.plist; sourceTree = "<group>"; };
		B406BB991E2D2D8200B0D2A4 /* GithubAPIService.swift */ = {isa = PBXFileReference; fileEncoding = 4; lastKnownFileType = sourcecode.swift; path = GithubAPIService.swift; sourceTree = "<group>"; };
		B406BB9A1E2D2D8200B0D2A4 /* Repo.swift */ = {isa = PBXFileReference; fileEncoding = 4; lastKnownFileType = sourcecode.swift; path = Repo.swift; sourceTree = "<group>"; };
		B406BB9B1E2D2D8200B0D2A4 /* RepoRequest.swift */ = {isa = PBXFileReference; fileEncoding = 4; lastKnownFileType = sourcecode.swift; path = RepoRequest.swift; sourceTree = "<group>"; };
		B406BB9C1E2D2D8200B0D2A4 /* SchedulerService.swift */ = {isa = PBXFileReference; fileEncoding = 4; lastKnownFileType = sourcecode.swift; path = SchedulerService.swift; sourceTree = "<group>"; };
		B406BB9D1E2D2D8200B0D2A4 /* ViewController.swift */ = {isa = PBXFileReference; fileEncoding = 4; lastKnownFileType = sourcecode.swift; path = ViewController.swift; sourceTree = "<group>"; };
		B406BBA81E2D2E1300B0D2A4 /* Pods_SwiftyJSON_Sample.framework */ = {isa = PBXFileReference; lastKnownFileType = wrapper.framework; name = Pods_SwiftyJSON_Sample.framework; path = "../../../../../Library/Developer/Xcode/DerivedData/APIKitExt-hbttvgqggdqkbjbfwprdftgzjrgm/Build/Products/Debug-iphonesimulator/Pods_SwiftyJSON_Sample.framework"; sourceTree = "<group>"; };
		B406BBC81E2D304500B0D2A4 /* SwiftyJSON Sample.app */ = {isa = PBXFileReference; explicitFileType = wrapper.application; includeInIndex = 0; path = "SwiftyJSON Sample.app"; sourceTree = BUILT_PRODUCTS_DIR; };
		B412A5711E34AE690073C683 /* JASON Sample.app */ = {isa = PBXFileReference; explicitFileType = wrapper.application; includeInIndex = 0; path = "JASON Sample.app"; sourceTree = BUILT_PRODUCTS_DIR; };
		B412A5741E34AE820073C683 /* AppDelegate.swift */ = {isa = PBXFileReference; fileEncoding = 4; lastKnownFileType = sourcecode.swift; path = AppDelegate.swift; sourceTree = "<group>"; };
		B412A5751E34AE820073C683 /* Assets.xcassets */ = {isa = PBXFileReference; lastKnownFileType = folder.assetcatalog; path = Assets.xcassets; sourceTree = "<group>"; };
		B412A5771E34AE820073C683 /* Base */ = {isa = PBXFileReference; lastKnownFileType = file.storyboard; name = Base; path = Base.lproj/LaunchScreen.storyboard; sourceTree = "<group>"; };
		B412A5791E34AE820073C683 /* Base */ = {isa = PBXFileReference; lastKnownFileType = file.storyboard; name = Base; path = Base.lproj/Main.storyboard; sourceTree = "<group>"; };
		B412A57A1E34AE820073C683 /* Info.plist */ = {isa = PBXFileReference; fileEncoding = 4; lastKnownFileType = text.plist.xml; path = Info.plist; sourceTree = "<group>"; };
		B412A57C1E34AE820073C683 /* GithubAPIService.swift */ = {isa = PBXFileReference; fileEncoding = 4; lastKnownFileType = sourcecode.swift; path = GithubAPIService.swift; sourceTree = "<group>"; };
		B412A57D1E34AE820073C683 /* Repo.swift */ = {isa = PBXFileReference; fileEncoding = 4; lastKnownFileType = sourcecode.swift; path = Repo.swift; sourceTree = "<group>"; };
		B412A57E1E34AE820073C683 /* RepoRequest.swift */ = {isa = PBXFileReference; fileEncoding = 4; lastKnownFileType = sourcecode.swift; path = RepoRequest.swift; sourceTree = "<group>"; };
		B412A57F1E34AE820073C683 /* SchedulerService.swift */ = {isa = PBXFileReference; fileEncoding = 4; lastKnownFileType = sourcecode.swift; path = SchedulerService.swift; sourceTree = "<group>"; };
		B412A5801E34AE820073C683 /* ViewController.swift */ = {isa = PBXFileReference; fileEncoding = 4; lastKnownFileType = sourcecode.swift; path = ViewController.swift; sourceTree = "<group>"; };
		B41375141E23CA040030460E /* Repo.xib */ = {isa = PBXFileReference; fileEncoding = 4; lastKnownFileType = file.xib; path = Repo.xib; sourceTree = "<group>"; };
		B41375181E23CA3C0030460E /* RepoTableViewCell.swift */ = {isa = PBXFileReference; fileEncoding = 4; lastKnownFileType = sourcecode.swift; path = RepoTableViewCell.swift; sourceTree = "<group>"; };
		B413751B1E23CE2E0030460E /* RepoViewModel.swift */ = {isa = PBXFileReference; fileEncoding = 4; lastKnownFileType = sourcecode.swift; path = RepoViewModel.swift; sourceTree = "<group>"; };
		B413751E1E23D01E0030460E /* UIImageView.swift */ = {isa = PBXFileReference; fileEncoding = 4; lastKnownFileType = sourcecode.swift; path = UIImageView.swift; sourceTree = "<group>"; };
		B41375241E23D3490030460E /* Himotoki Sample Tests.xctest */ = {isa = PBXFileReference; explicitFileType = wrapper.cfbundle; includeInIndex = 0; path = "Himotoki Sample Tests.xctest"; sourceTree = BUILT_PRODUCTS_DIR; };
		B41375261E23D3490030460E /* RepoViewModelTest.swift */ = {isa = PBXFileReference; lastKnownFileType = sourcecode.swift; path = RepoViewModelTest.swift; sourceTree = "<group>"; };
		B41375281E23D3490030460E /* Info.plist */ = {isa = PBXFileReference; lastKnownFileType = text.plist.xml; path = Info.plist; sourceTree = "<group>"; };
		B41BC4341E0E37450075ED16 /* Argo Sample.app */ = {isa = PBXFileReference; explicitFileType = wrapper.application; includeInIndex = 0; path = "Argo Sample.app"; sourceTree = BUILT_PRODUCTS_DIR; };
		B41BC4361E0E37450075ED16 /* AppDelegate.swift */ = {isa = PBXFileReference; lastKnownFileType = sourcecode.swift; path = AppDelegate.swift; sourceTree = "<group>"; };
		B41BC4381E0E37450075ED16 /* ViewController.swift */ = {isa = PBXFileReference; lastKnownFileType = sourcecode.swift; path = ViewController.swift; sourceTree = "<group>"; };
		B41BC43B1E0E37450075ED16 /* Base */ = {isa = PBXFileReference; lastKnownFileType = file.storyboard; name = Base; path = Base.lproj/Main.storyboard; sourceTree = "<group>"; };
		B41BC43D1E0E37450075ED16 /* Assets.xcassets */ = {isa = PBXFileReference; lastKnownFileType = folder.assetcatalog; path = Assets.xcassets; sourceTree = "<group>"; };
		B41BC4401E0E37450075ED16 /* Base */ = {isa = PBXFileReference; lastKnownFileType = file.storyboard; name = Base; path = Base.lproj/LaunchScreen.storyboard; sourceTree = "<group>"; };
		B41BC4421E0E37450075ED16 /* Info.plist */ = {isa = PBXFileReference; lastKnownFileType = text.plist.xml; path = Info.plist; sourceTree = "<group>"; };
		B41BC4471E0E3B260075ED16 /* GithubAPIService.swift */ = {isa = PBXFileReference; fileEncoding = 4; lastKnownFileType = sourcecode.swift; path = GithubAPIService.swift; sourceTree = "<group>"; };
		B41BC4481E0E3B260075ED16 /* Repo.swift */ = {isa = PBXFileReference; fileEncoding = 4; lastKnownFileType = sourcecode.swift; path = Repo.swift; sourceTree = "<group>"; };
		B41BC4491E0E3B260075ED16 /* RepoRequest.swift */ = {isa = PBXFileReference; fileEncoding = 4; lastKnownFileType = sourcecode.swift; path = RepoRequest.swift; sourceTree = "<group>"; };
		B41BC44A1E0E3B260075ED16 /* SchedulerService.swift */ = {isa = PBXFileReference; fileEncoding = 4; lastKnownFileType = sourcecode.swift; path = SchedulerService.swift; sourceTree = "<group>"; };
		B43DF6771E0E611C0045688F /* Himotoki Sample.app */ = {isa = PBXFileReference; explicitFileType = wrapper.application; includeInIndex = 0; path = "Himotoki Sample.app"; sourceTree = BUILT_PRODUCTS_DIR; };
		B43DF6791E0E611C0045688F /* AppDelegate.swift */ = {isa = PBXFileReference; lastKnownFileType = sourcecode.swift; path = AppDelegate.swift; sourceTree = "<group>"; };
		B43DF67B1E0E611C0045688F /* RepoViewController.swift */ = {isa = PBXFileReference; lastKnownFileType = sourcecode.swift; path = RepoViewController.swift; sourceTree = "<group>"; };
		B43DF67E1E0E611C0045688F /* Base */ = {isa = PBXFileReference; lastKnownFileType = file.storyboard; name = Base; path = Base.lproj/Main.storyboard; sourceTree = "<group>"; };
		B43DF6801E0E611C0045688F /* Assets.xcassets */ = {isa = PBXFileReference; lastKnownFileType = folder.assetcatalog; path = Assets.xcassets; sourceTree = "<group>"; };
		B43DF6831E0E611C0045688F /* Base */ = {isa = PBXFileReference; lastKnownFileType = file.storyboard; name = Base; path = Base.lproj/LaunchScreen.storyboard; sourceTree = "<group>"; };
		B43DF6851E0E611C0045688F /* Info.plist */ = {isa = PBXFileReference; lastKnownFileType = text.plist.xml; path = Info.plist; sourceTree = "<group>"; };
		B43DF68A1E0E618E0045688F /* GithubAPIService.swift */ = {isa = PBXFileReference; fileEncoding = 4; lastKnownFileType = sourcecode.swift; path = GithubAPIService.swift; sourceTree = "<group>"; };
		B43DF68B1E0E618E0045688F /* Repo.swift */ = {isa = PBXFileReference; fileEncoding = 4; lastKnownFileType = sourcecode.swift; path = Repo.swift; sourceTree = "<group>"; };
		B43DF68C1E0E618E0045688F /* RepoRequest.swift */ = {isa = PBXFileReference; fileEncoding = 4; lastKnownFileType = sourcecode.swift; path = RepoRequest.swift; sourceTree = "<group>"; };
		B43DF68D1E0E618E0045688F /* SchedulerService.swift */ = {isa = PBXFileReference; fileEncoding = 4; lastKnownFileType = sourcecode.swift; path = SchedulerService.swift; sourceTree = "<group>"; };
		B44A08691E34A2C30013C000 /* ModelMapper Sample.app */ = {isa = PBXFileReference; explicitFileType = wrapper.application; includeInIndex = 0; path = "ModelMapper Sample.app"; sourceTree = BUILT_PRODUCTS_DIR; };
		B44A086C1E34A3240013C000 /* AppDelegate.swift */ = {isa = PBXFileReference; fileEncoding = 4; lastKnownFileType = sourcecode.swift; path = AppDelegate.swift; sourceTree = "<group>"; };
		B44A086E1E34A3240013C000 /* Base */ = {isa = PBXFileReference; lastKnownFileType = file.xib; name = Base; path = Base.lproj/LaunchScreen.xib; sourceTree = "<group>"; };
		B44A08701E34A3240013C000 /* Base */ = {isa = PBXFileReference; lastKnownFileType = file.storyboard; name = Base; path = Base.lproj/Main.storyboard; sourceTree = "<group>"; };
		B44A08711E34A3240013C000 /* Images.xcassets */ = {isa = PBXFileReference; lastKnownFileType = folder.assetcatalog; path = Images.xcassets; sourceTree = "<group>"; };
		B44A08731E34A3240013C000 /* GithubAPIService.swift */ = {isa = PBXFileReference; fileEncoding = 4; lastKnownFileType = sourcecode.swift; path = GithubAPIService.swift; sourceTree = "<group>"; };
		B44A08741E34A3240013C000 /* Repo.swift */ = {isa = PBXFileReference; fileEncoding = 4; lastKnownFileType = sourcecode.swift; path = Repo.swift; sourceTree = "<group>"; };
		B44A08751E34A3240013C000 /* RepoRequest.swift */ = {isa = PBXFileReference; fileEncoding = 4; lastKnownFileType = sourcecode.swift; path = RepoRequest.swift; sourceTree = "<group>"; };
		B44A08761E34A3240013C000 /* SchedulerService.swift */ = {isa = PBXFileReference; fileEncoding = 4; lastKnownFileType = sourcecode.swift; path = SchedulerService.swift; sourceTree = "<group>"; };
		B44A08781E34A3240013C000 /* Info.plist */ = {isa = PBXFileReference; fileEncoding = 4; lastKnownFileType = text.plist.xml; path = Info.plist; sourceTree = "<group>"; };
		B44A08791E34A3240013C000 /* ViewController.swift */ = {isa = PBXFileReference; fileEncoding = 4; lastKnownFileType = sourcecode.swift; path = ViewController.swift; sourceTree = "<group>"; };
		C022DE1207B2E45F049F73B9 /* Pods_Himotoki_Sample.framework */ = {isa = PBXFileReference; explicitFileType = wrapper.framework; includeInIndex = 0; path = Pods_Himotoki_Sample.framework; sourceTree = BUILT_PRODUCTS_DIR; };
		CDDA66EECCDE10611D49632E /* Pods-ModelMapper Sample.debug.xcconfig */ = {isa = PBXFileReference; includeInIndex = 1; lastKnownFileType = text.xcconfig; name = "Pods-ModelMapper Sample.debug.xcconfig"; path = "Pods/Target Support Files/Pods-ModelMapper Sample/Pods-ModelMapper Sample.debug.xcconfig"; sourceTree = "<group>"; };
		D21AEE096FE9F0600C8148C9 /* Pods-ObjectMapper Sample.debug.xcconfig */ = {isa = PBXFileReference; includeInIndex = 1; lastKnownFileType = text.xcconfig; name = "Pods-ObjectMapper Sample.debug.xcconfig"; path = "Pods/Target Support Files/Pods-ObjectMapper Sample/Pods-ObjectMapper Sample.debug.xcconfig"; sourceTree = "<group>"; };
		D5915E7FC0289F3980B73076 /* Pods-Himotoki Sample Tests.release.xcconfig */ = {isa = PBXFileReference; includeInIndex = 1; lastKnownFileType = text.xcconfig; name = "Pods-Himotoki Sample Tests.release.xcconfig"; path = "Pods/Target Support Files/Pods-Himotoki Sample Tests/Pods-Himotoki Sample Tests.release.xcconfig"; sourceTree = "<group>"; };
		DE1A9E76FE305995DF40CBDF /* Pods-ObjectMapper Sample.release.xcconfig */ = {isa = PBXFileReference; includeInIndex = 1; lastKnownFileType = text.xcconfig; name = "Pods-ObjectMapper Sample.release.xcconfig"; path = "Pods/Target Support Files/Pods-ObjectMapper Sample/Pods-ObjectMapper Sample.release.xcconfig"; sourceTree = "<group>"; };
		DF7293A30EB09F07B0995D7E /* Pods-Himotoki Sample Tests.debug.xcconfig */ = {isa = PBXFileReference; includeInIndex = 1; lastKnownFileType = text.xcconfig; name = "Pods-Himotoki Sample Tests.debug.xcconfig"; path = "Pods/Target Support Files/Pods-Himotoki Sample Tests/Pods-Himotoki Sample Tests.debug.xcconfig"; sourceTree = "<group>"; };
		E12143C29DE185124C66F4CE /* Pods_ObjectMapper_Sample.framework */ = {isa = PBXFileReference; explicitFileType = wrapper.framework; includeInIndex = 0; path = Pods_ObjectMapper_Sample.framework; sourceTree = BUILT_PRODUCTS_DIR; };
		E8CD31ACDF6C49A1F5EF399C /* LICENSE */ = {isa = PBXFileReference; includeInIndex = 1; lastKnownFileType = text; name = LICENSE; path = ../../LICENSE; sourceTree = "<group>"; };
		FC2F4C6380C2EB432B0667B5 /* Pods-JASON Sample.debug.xcconfig */ = {isa = PBXFileReference; includeInIndex = 1; lastKnownFileType = text.xcconfig; name = "Pods-JASON Sample.debug.xcconfig"; path = "Pods/Target Support Files/Pods-JASON Sample/Pods-JASON Sample.debug.xcconfig"; sourceTree = "<group>"; };
		FF6D54714866EAD920B6D886 /* Pods-Argo Sample.debug.xcconfig */ = {isa = PBXFileReference; includeInIndex = 1; lastKnownFileType = text.xcconfig; name = "Pods-Argo Sample.debug.xcconfig"; path = "Pods/Target Support Files/Pods-Argo Sample/Pods-Argo Sample.debug.xcconfig"; sourceTree = "<group>"; };
/* End PBXFileReference section */

/* Begin PBXFrameworksBuildPhase section */
		607FACCD1AFB9204008FA782 /* Frameworks */ = {
			isa = PBXFrameworksBuildPhase;
			buildActionMask = 2147483647;
			files = (
				5F7033B20EC798ADAC87155F /* Pods_ObjectMapper_Sample.framework in Frameworks */,
			);
			runOnlyForDeploymentPostprocessing = 0;
		};
		B406BBB91E2D304500B0D2A4 /* Frameworks */ = {
			isa = PBXFrameworksBuildPhase;
			buildActionMask = 2147483647;
			files = (
				71CD502CEBCFAD73C73ACBA0 /* Pods_SwiftyJSON_Sample.framework in Frameworks */,
			);
			runOnlyForDeploymentPostprocessing = 0;
		};
		B412A5661E34AE690073C683 /* Frameworks */ = {
			isa = PBXFrameworksBuildPhase;
			buildActionMask = 2147483647;
			files = (
				B412A5671E34AE690073C683 /* Pods_Argo_Sample.framework in Frameworks */,
				50F2369A0FBB87D84B5F1B75 /* Pods_JASON_Sample.framework in Frameworks */,
			);
			runOnlyForDeploymentPostprocessing = 0;
		};
		B41375211E23D3490030460E /* Frameworks */ = {
			isa = PBXFrameworksBuildPhase;
			buildActionMask = 2147483647;
			files = (
				8EAEFA06590038ED2AAC1C52 /* Pods_Himotoki_Sample_Tests.framework in Frameworks */,
			);
			runOnlyForDeploymentPostprocessing = 0;
		};
		B41BC4311E0E37450075ED16 /* Frameworks */ = {
			isa = PBXFrameworksBuildPhase;
			buildActionMask = 2147483647;
			files = (
				295C949CA0D515DD9C75CA84 /* Pods_Argo_Sample.framework in Frameworks */,
			);
			runOnlyForDeploymentPostprocessing = 0;
		};
		B43DF6741E0E611C0045688F /* Frameworks */ = {
			isa = PBXFrameworksBuildPhase;
			buildActionMask = 2147483647;
			files = (
				75AC433D3700BE5E7378B152 /* Pods_Himotoki_Sample.framework in Frameworks */,
			);
			runOnlyForDeploymentPostprocessing = 0;
		};
		B44A085A1E34A2C30013C000 /* Frameworks */ = {
			isa = PBXFrameworksBuildPhase;
			buildActionMask = 2147483647;
			files = (
				E5FE16BE57B62F4C417B0210 /* Pods_ModelMapper_Sample.framework in Frameworks */,
			);
			runOnlyForDeploymentPostprocessing = 0;
		};
/* End PBXFrameworksBuildPhase section */

/* Begin PBXGroup section */
		607FACC71AFB9204008FA782 = {
			isa = PBXGroup;
			children = (
				B412A5731E34AE820073C683 /* JASON Sample */,
				B44A086B1E34A3240013C000 /* ModelMapper Sample */,
				B406BB901E2D2D8200B0D2A4 /* SwiftyJSON Sample */,
				B41BC4351E0E37450075ED16 /* Argo Sample */,
				F27AB2C6056EA53D0C9CA9CC /* Frameworks */,
				B43DF6781E0E611C0045688F /* Himotoki Sample */,
				B41375251E23D3490030460E /* Himotoki Sample Tests */,
				607FACD21AFB9204008FA782 /* ObjectMapper Sample */,
				E00343CF68F09F5E0B254AEC /* Pods */,
				607FACF51AFB993E008FA782 /* Podspec Metadata */,
				607FACD11AFB9204008FA782 /* Products */,
			);
			sourceTree = "<group>";
		};
		607FACD11AFB9204008FA782 /* Products */ = {
			isa = PBXGroup;
			children = (
				607FACD01AFB9204008FA782 /* ObjectMapper Sample.app */,
				B41BC4341E0E37450075ED16 /* Argo Sample.app */,
				B43DF6771E0E611C0045688F /* Himotoki Sample.app */,
				B41375241E23D3490030460E /* Himotoki Sample Tests.xctest */,
				B406BBC81E2D304500B0D2A4 /* SwiftyJSON Sample.app */,
				B44A08691E34A2C30013C000 /* ModelMapper Sample.app */,
				B412A5711E34AE690073C683 /* JASON Sample.app */,
			);
			name = Products;
			sourceTree = "<group>";
		};
		607FACD21AFB9204008FA782 /* ObjectMapper Sample */ = {
			isa = PBXGroup;
			children = (
				B401BABB1E0D2BDE00F93BC4 /* Model */,
				607FACD31AFB9204008FA782 /* Supporting Files */,
				607FACD51AFB9204008FA782 /* AppDelegate.swift */,
				607FACDC1AFB9204008FA782 /* Images.xcassets */,
				607FACDE1AFB9204008FA782 /* LaunchScreen.xib */,
				607FACD91AFB9204008FA782 /* Main.storyboard */,
				607FACD71AFB9204008FA782 /* ViewController.swift */,
			);
			path = "ObjectMapper Sample";
			sourceTree = "<group>";
		};
		607FACD31AFB9204008FA782 /* Supporting Files */ = {
			isa = PBXGroup;
			children = (
				607FACD41AFB9204008FA782 /* Info.plist */,
			);
			path = "Supporting Files";
			sourceTree = "<group>";
		};
		607FACF51AFB993E008FA782 /* Podspec Metadata */ = {
			isa = PBXGroup;
			children = (
				A5EF206D927F04BE6F7BDB0D /* APIKitExt.podspec */,
				E8CD31ACDF6C49A1F5EF399C /* LICENSE */,
				81D83B10964604D9E4BAB7C4 /* README.md */,
			);
			path = "Podspec Metadata";
			sourceTree = "<group>";
		};
		B401BABB1E0D2BDE00F93BC4 /* Model */ = {
			isa = PBXGroup;
			children = (
				B401BAC01E0D677E00F93BC4 /* GithubAPIService.swift */,
				B401BABE1E0D2C9500F93BC4 /* Repo.swift */,
				B401BABC1E0D2C6100F93BC4 /* RepoRequest.swift */,
				B401BAC21E0D6DFA00F93BC4 /* SchedulerService.swift */,
			);
			path = Model;
			sourceTree = "<group>";
		};
		B406BB901E2D2D8200B0D2A4 /* SwiftyJSON Sample */ = {
			isa = PBXGroup;
			children = (
				B406BB911E2D2D8200B0D2A4 /* AppDelegate.swift */,
				B406BB921E2D2D8200B0D2A4 /* Assets.xcassets */,
				B406BB931E2D2D8200B0D2A4 /* LaunchScreen.storyboard */,
				B406BB951E2D2D8200B0D2A4 /* Main.storyboard */,
				B406BB971E2D2D8200B0D2A4 /* Info.plist */,
				B406BB981E2D2D8200B0D2A4 /* Model */,
				B406BB9D1E2D2D8200B0D2A4 /* ViewController.swift */,
			);
			path = "SwiftyJSON Sample";
			sourceTree = "<group>";
		};
		B406BB981E2D2D8200B0D2A4 /* Model */ = {
			isa = PBXGroup;
			children = (
				B406BB991E2D2D8200B0D2A4 /* GithubAPIService.swift */,
				B406BB9A1E2D2D8200B0D2A4 /* Repo.swift */,
				B406BB9B1E2D2D8200B0D2A4 /* RepoRequest.swift */,
				B406BB9C1E2D2D8200B0D2A4 /* SchedulerService.swift */,
			);
			path = Model;
			sourceTree = "<group>";
		};
		B412A5731E34AE820073C683 /* JASON Sample */ = {
			isa = PBXGroup;
			children = (
				B412A5741E34AE820073C683 /* AppDelegate.swift */,
				B412A5751E34AE820073C683 /* Assets.xcassets */,
				B412A5761E34AE820073C683 /* LaunchScreen.storyboard */,
				B412A5781E34AE820073C683 /* Main.storyboard */,
				B412A57A1E34AE820073C683 /* Info.plist */,
				B412A57B1E34AE820073C683 /* Model */,
				B412A5801E34AE820073C683 /* ViewController.swift */,
			);
			path = "JASON Sample";
			sourceTree = "<group>";
		};
		B412A57B1E34AE820073C683 /* Model */ = {
			isa = PBXGroup;
			children = (
				B412A57C1E34AE820073C683 /* GithubAPIService.swift */,
				B412A57D1E34AE820073C683 /* Repo.swift */,
				B412A57E1E34AE820073C683 /* RepoRequest.swift */,
				B412A57F1E34AE820073C683 /* SchedulerService.swift */,
			);
			path = Model;
			sourceTree = "<group>";
		};
		B41375131E23C9EC0030460E /* Xib */ = {
			isa = PBXGroup;
			children = (
				B41375141E23CA040030460E /* Repo.xib */,
			);
			path = Xib;
			sourceTree = "<group>";
		};
		B41375161E23CA150030460E /* View */ = {
			isa = PBXGroup;
			children = (
				B41375171E23CA280030460E /* Cell */,
				B41375131E23C9EC0030460E /* Xib */,
				B43DF67B1E0E611C0045688F /* RepoViewController.swift */,
			);
			path = View;
			sourceTree = "<group>";
		};
		B41375171E23CA280030460E /* Cell */ = {
			isa = PBXGroup;
			children = (
				B41375181E23CA3C0030460E /* RepoTableViewCell.swift */,
			);
			path = Cell;
			sourceTree = "<group>";
		};
		B413751A1E23CE1E0030460E /* ViewModel */ = {
			isa = PBXGroup;
			children = (
				B413751B1E23CE2E0030460E /* RepoViewModel.swift */,
			);
			path = ViewModel;
			sourceTree = "<group>";
		};
		B413751D1E23D0120030460E /* Extension */ = {
			isa = PBXGroup;
			children = (
				B413751E1E23D01E0030460E /* UIImageView.swift */,
			);
			path = Extension;
			sourceTree = "<group>";
		};
		B41375251E23D3490030460E /* Himotoki Sample Tests */ = {
			isa = PBXGroup;
			children = (
				B41375281E23D3490030460E /* Info.plist */,
				B41375261E23D3490030460E /* RepoViewModelTest.swift */,
			);
			path = "Himotoki Sample Tests";
			sourceTree = "<group>";
		};
		B41BC4351E0E37450075ED16 /* Argo Sample */ = {
			isa = PBXGroup;
			children = (
				B41BC4461E0E3B260075ED16 /* Model */,
				B41BC4361E0E37450075ED16 /* AppDelegate.swift */,
				B41BC43D1E0E37450075ED16 /* Assets.xcassets */,
				B41BC4421E0E37450075ED16 /* Info.plist */,
				B41BC43F1E0E37450075ED16 /* LaunchScreen.storyboard */,
				B41BC43A1E0E37450075ED16 /* Main.storyboard */,
				B41BC4381E0E37450075ED16 /* ViewController.swift */,
			);
			path = "Argo Sample";
			sourceTree = "<group>";
		};
		B41BC4461E0E3B260075ED16 /* Model */ = {
			isa = PBXGroup;
			children = (
				B41BC4471E0E3B260075ED16 /* GithubAPIService.swift */,
				B41BC4481E0E3B260075ED16 /* Repo.swift */,
				B41BC4491E0E3B260075ED16 /* RepoRequest.swift */,
				B41BC44A1E0E3B260075ED16 /* SchedulerService.swift */,
			);
			path = Model;
			sourceTree = "<group>";
		};
		B43DF6781E0E611C0045688F /* Himotoki Sample */ = {
			isa = PBXGroup;
			children = (
				B413751D1E23D0120030460E /* Extension */,
				B43DF6891E0E618E0045688F /* Model */,
				B41375161E23CA150030460E /* View */,
				B413751A1E23CE1E0030460E /* ViewModel */,
				B43DF6791E0E611C0045688F /* AppDelegate.swift */,
				B43DF6801E0E611C0045688F /* Assets.xcassets */,
				B43DF6851E0E611C0045688F /* Info.plist */,
				B43DF6821E0E611C0045688F /* LaunchScreen.storyboard */,
				B43DF67D1E0E611C0045688F /* Main.storyboard */,
			);
			path = "Himotoki Sample";
			sourceTree = "<group>";
		};
		B43DF6891E0E618E0045688F /* Model */ = {
			isa = PBXGroup;
			children = (
				B43DF68A1E0E618E0045688F /* GithubAPIService.swift */,
				B43DF68B1E0E618E0045688F /* Repo.swift */,
				B43DF68C1E0E618E0045688F /* RepoRequest.swift */,
				B43DF68D1E0E618E0045688F /* SchedulerService.swift */,
			);
			path = Model;
			sourceTree = "<group>";
		};
		B44A086B1E34A3240013C000 /* ModelMapper Sample */ = {
			isa = PBXGroup;
			children = (
				B44A086C1E34A3240013C000 /* AppDelegate.swift */,
				B44A086D1E34A3240013C000 /* LaunchScreen.xib */,
				B44A086F1E34A3240013C000 /* Main.storyboard */,
				B44A08711E34A3240013C000 /* Images.xcassets */,
				B44A08721E34A3240013C000 /* Model */,
				B44A08771E34A3240013C000 /* Supporting Files */,
				B44A08791E34A3240013C000 /* ViewController.swift */,
			);
			path = "ModelMapper Sample";
			sourceTree = "<group>";
		};
		B44A08721E34A3240013C000 /* Model */ = {
			isa = PBXGroup;
			children = (
				B44A08731E34A3240013C000 /* GithubAPIService.swift */,
				B44A08741E34A3240013C000 /* Repo.swift */,
				B44A08751E34A3240013C000 /* RepoRequest.swift */,
				B44A08761E34A3240013C000 /* SchedulerService.swift */,
			);
			path = Model;
			sourceTree = "<group>";
		};
		B44A08771E34A3240013C000 /* Supporting Files */ = {
			isa = PBXGroup;
			children = (
				B44A08781E34A3240013C000 /* Info.plist */,
			);
			path = "Supporting Files";
			sourceTree = "<group>";
		};
		E00343CF68F09F5E0B254AEC /* Pods */ = {
			isa = PBXGroup;
			children = (
				FF6D54714866EAD920B6D886 /* Pods-Argo Sample.debug.xcconfig */,
				7DBE3AD0C570CECB61AA3D9B /* Pods-Argo Sample.release.xcconfig */,
				D21AEE096FE9F0600C8148C9 /* Pods-ObjectMapper Sample.debug.xcconfig */,
				DE1A9E76FE305995DF40CBDF /* Pods-ObjectMapper Sample.release.xcconfig */,
				B1CECC39C84E609EFE21DC83 /* Pods-Himotoki Sample.debug.xcconfig */,
				39BA8789BBAC353484FB9227 /* Pods-Himotoki Sample.release.xcconfig */,
				DF7293A30EB09F07B0995D7E /* Pods-Himotoki Sample Tests.debug.xcconfig */,
				D5915E7FC0289F3980B73076 /* Pods-Himotoki Sample Tests.release.xcconfig */,
				44BE6AB2EA12361CB8B94FE5 /* Pods-SwiftyJSON Sample.debug.xcconfig */,
				35D957EF86DDF3E2EA6866FD /* Pods-SwiftyJSON Sample.release.xcconfig */,
				CDDA66EECCDE10611D49632E /* Pods-ModelMapper Sample.debug.xcconfig */,
				2190DC169E246D97F5BF2C01 /* Pods-ModelMapper Sample.release.xcconfig */,
				FC2F4C6380C2EB432B0667B5 /* Pods-JASON Sample.debug.xcconfig */,
				4CA51FD4328266D934638AF8 /* Pods-JASON Sample.release.xcconfig */,
			);
			name = Pods;
			sourceTree = "<group>";
		};
		F27AB2C6056EA53D0C9CA9CC /* Frameworks */ = {
			isa = PBXGroup;
			children = (
				B406BBA81E2D2E1300B0D2A4 /* Pods_SwiftyJSON_Sample.framework */,
				A3BACFDE94ED969ED09DCFD8 /* Pods_Argo_Sample.framework */,
				E12143C29DE185124C66F4CE /* Pods_ObjectMapper_Sample.framework */,
				C022DE1207B2E45F049F73B9 /* Pods_Himotoki_Sample.framework */,
				ABF5A26F12795318C0C7B412 /* Pods_Himotoki_Sample_Tests.framework */,
				19E6603C0A7D7976711593B1 /* Pods_SwiftyJSON_Sample.framework */,
				57FBBC9D6238E979AEB3EA73 /* Pods_ModelMapper_Sample.framework */,
				332C2677DCA11BC879811997 /* Pods_JASON_Sample.framework */,
			);
			name = Frameworks;
			sourceTree = "<group>";
		};
/* End PBXGroup section */

/* Begin PBXNativeTarget section */
		607FACCF1AFB9204008FA782 /* ObjectMapper Sample */ = {
			isa = PBXNativeTarget;
			buildConfigurationList = 607FACEF1AFB9204008FA782 /* Build configuration list for PBXNativeTarget "ObjectMapper Sample" */;
			buildPhases = (
				C3145D23628836CA1D599CDA /* [CP] Check Pods Manifest.lock */,
				607FACCC1AFB9204008FA782 /* Sources */,
				607FACCD1AFB9204008FA782 /* Frameworks */,
				607FACCE1AFB9204008FA782 /* Resources */,
				02258B309CAAFE6D3DA03105 /* [CP] Embed Pods Frameworks */,
				D939DC427643736E32954072 /* [CP] Copy Pods Resources */,
			);
			buildRules = (
			);
			dependencies = (
			);
			name = "ObjectMapper Sample";
			productName = APIKitExt;
			productReference = 607FACD01AFB9204008FA782 /* ObjectMapper Sample.app */;
			productType = "com.apple.product-type.application";
		};
		B406BBAA1E2D304500B0D2A4 /* SwiftyJSON Sample */ = {
			isa = PBXNativeTarget;
			buildConfigurationList = B406BBC51E2D304500B0D2A4 /* Build configuration list for PBXNativeTarget "SwiftyJSON Sample" */;
			buildPhases = (
				B406BBAB1E2D304500B0D2A4 /* [CP] Check Pods Manifest.lock */,
				B406BBAC1E2D304500B0D2A4 /* Sources */,
				B406BBB91E2D304500B0D2A4 /* Frameworks */,
				B406BBBB1E2D304500B0D2A4 /* Resources */,
				B406BBC31E2D304500B0D2A4 /* [CP] Embed Pods Frameworks */,
				B406BBC41E2D304500B0D2A4 /* [CP] Copy Pods Resources */,
			);
			buildRules = (
			);
			dependencies = (
			);
			name = "SwiftyJSON Sample";
			productName = APIKitExt;
			productReference = B406BBC81E2D304500B0D2A4 /* SwiftyJSON Sample.app */;
			productType = "com.apple.product-type.application";
		};
		B412A55D1E34AE690073C683 /* JASON Sample */ = {
			isa = PBXNativeTarget;
			buildConfigurationList = B412A56E1E34AE690073C683 /* Build configuration list for PBXNativeTarget "JASON Sample" */;
			buildPhases = (
				B412A55E1E34AE690073C683 /* [CP] Check Pods Manifest.lock */,
				B412A55F1E34AE690073C683 /* Sources */,
				B412A5661E34AE690073C683 /* Frameworks */,
				B412A5681E34AE690073C683 /* Resources */,
				B412A56C1E34AE690073C683 /* [CP] Embed Pods Frameworks */,
				B412A56D1E34AE690073C683 /* [CP] Copy Pods Resources */,
			);
			buildRules = (
			);
			dependencies = (
			);
			name = "JASON Sample";
			productName = "Argo Sample";
			productReference = B412A5711E34AE690073C683 /* JASON Sample.app */;
			productType = "com.apple.product-type.application";
		};
		B41375231E23D3490030460E /* Himotoki Sample Tests */ = {
			isa = PBXNativeTarget;
			buildConfigurationList = B413752B1E23D3490030460E /* Build configuration list for PBXNativeTarget "Himotoki Sample Tests" */;
			buildPhases = (
				38D75ECD3B8BDAA6906C3B87 /* [CP] Check Pods Manifest.lock */,
				B41375201E23D3490030460E /* Sources */,
				B41375211E23D3490030460E /* Frameworks */,
				B41375221E23D3490030460E /* Resources */,
				1DD069FC70341C68F1D09ADB /* [CP] Embed Pods Frameworks */,
				385700B380A7E01BB37C5F38 /* [CP] Copy Pods Resources */,
			);
			buildRules = (
			);
			dependencies = (
				B413752A1E23D3490030460E /* PBXTargetDependency */,
			);
			name = "Himotoki Sample Tests";
			productName = "Himotoki Sample Tests";
			productReference = B41375241E23D3490030460E /* Himotoki Sample Tests.xctest */;
			productType = "com.apple.product-type.bundle.unit-test";
		};
		B41BC4331E0E37450075ED16 /* Argo Sample */ = {
			isa = PBXNativeTarget;
			buildConfigurationList = B41BC4451E0E37450075ED16 /* Build configuration list for PBXNativeTarget "Argo Sample" */;
			buildPhases = (
				F1B275BA43B63F4893A84322 /* [CP] Check Pods Manifest.lock */,
				B41BC4301E0E37450075ED16 /* Sources */,
				B41BC4311E0E37450075ED16 /* Frameworks */,
				B41BC4321E0E37450075ED16 /* Resources */,
				AC328C62A0D2766021392911 /* [CP] Embed Pods Frameworks */,
				30E8EE09AF78ABD5E0D843EE /* [CP] Copy Pods Resources */,
			);
			buildRules = (
			);
			dependencies = (
			);
			name = "Argo Sample";
			productName = "Argo Sample";
			productReference = B41BC4341E0E37450075ED16 /* Argo Sample.app */;
			productType = "com.apple.product-type.application";
		};
		B43DF6761E0E611C0045688F /* Himotoki Sample */ = {
			isa = PBXNativeTarget;
			buildConfigurationList = B43DF6881E0E611C0045688F /* Build configuration list for PBXNativeTarget "Himotoki Sample" */;
			buildPhases = (
				7A2D11CECE81C807CC185470 /* [CP] Check Pods Manifest.lock */,
				B43DF6731E0E611C0045688F /* Sources */,
				B43DF6741E0E611C0045688F /* Frameworks */,
				B43DF6751E0E611C0045688F /* Resources */,
				FE1242E33FF39336232BB0DA /* [CP] Embed Pods Frameworks */,
				B387FA047C2C7DBB92756F4D /* [CP] Copy Pods Resources */,
			);
			buildRules = (
			);
			dependencies = (
			);
			name = "Himotoki Sample";
			productName = "Himotoki Sample";
			productReference = B43DF6771E0E611C0045688F /* Himotoki Sample.app */;
			productType = "com.apple.product-type.application";
		};
		B44A08511E34A2C30013C000 /* ModelMapper Sample */ = {
			isa = PBXNativeTarget;
			buildConfigurationList = B44A08661E34A2C30013C000 /* Build configuration list for PBXNativeTarget "ModelMapper Sample" */;
			buildPhases = (
				B44A08521E34A2C30013C000 /* [CP] Check Pods Manifest.lock */,
				B44A08531E34A2C30013C000 /* Sources */,
				B44A085A1E34A2C30013C000 /* Frameworks */,
				B44A085C1E34A2C30013C000 /* Resources */,
				B44A08641E34A2C30013C000 /* [CP] Embed Pods Frameworks */,
				B44A08651E34A2C30013C000 /* [CP] Copy Pods Resources */,
			);
			buildRules = (
			);
			dependencies = (
			);
			name = "ModelMapper Sample";
			productName = APIKitExt;
			productReference = B44A08691E34A2C30013C000 /* ModelMapper Sample.app */;
			productType = "com.apple.product-type.application";
		};
/* End PBXNativeTarget section */

/* Begin PBXProject section */
		607FACC81AFB9204008FA782 /* Project object */ = {
			isa = PBXProject;
			attributes = {
				LastSwiftUpdateCheck = 0820;
				LastUpgradeCheck = 0820;
				ORGANIZATIONNAME = CocoaPods;
				TargetAttributes = {
					607FACCF1AFB9204008FA782 = {
						CreatedOnToolsVersion = 6.3.1;
						DevelopmentTeam = QHAYH73D9C;
						LastSwiftMigration = 0820;
					};
					B406BBAA1E2D304500B0D2A4 = {
						DevelopmentTeam = QHAYH73D9C;
					};
					B412A55D1E34AE690073C683 = {
						DevelopmentTeam = QHAYH73D9C;
					};
					B41375231E23D3490030460E = {
						CreatedOnToolsVersion = 8.2.1;
						DevelopmentTeam = QHAYH73D9C;
						ProvisioningStyle = Automatic;
						TestTargetID = B43DF6761E0E611C0045688F;
					};
					B41BC4331E0E37450075ED16 = {
						CreatedOnToolsVersion = 8.2.1;
						DevelopmentTeam = QHAYH73D9C;
						ProvisioningStyle = Automatic;
					};
					B43DF6761E0E611C0045688F = {
						CreatedOnToolsVersion = 8.2.1;
						DevelopmentTeam = QHAYH73D9C;
						ProvisioningStyle = Automatic;
					};
					B44A08511E34A2C30013C000 = {
						DevelopmentTeam = QHAYH73D9C;
					};
				};
			};
			buildConfigurationList = 607FACCB1AFB9204008FA782 /* Build configuration list for PBXProject "APIKitExt" */;
			compatibilityVersion = "Xcode 3.2";
			developmentRegion = English;
			hasScannedForEncodings = 0;
			knownRegions = (
				en,
				Base,
			);
			mainGroup = 607FACC71AFB9204008FA782;
			productRefGroup = 607FACD11AFB9204008FA782 /* Products */;
			projectDirPath = "";
			projectRoot = "";
			targets = (
				607FACCF1AFB9204008FA782 /* ObjectMapper Sample */,
				B41BC4331E0E37450075ED16 /* Argo Sample */,
				B406BBAA1E2D304500B0D2A4 /* SwiftyJSON Sample */,
				B43DF6761E0E611C0045688F /* Himotoki Sample */,
				B41375231E23D3490030460E /* Himotoki Sample Tests */,
				B44A08511E34A2C30013C000 /* ModelMapper Sample */,
				B412A55D1E34AE690073C683 /* JASON Sample */,
			);
		};
/* End PBXProject section */

/* Begin PBXResourcesBuildPhase section */
		607FACCE1AFB9204008FA782 /* Resources */ = {
			isa = PBXResourcesBuildPhase;
			buildActionMask = 2147483647;
			files = (
				607FACDB1AFB9204008FA782 /* Main.storyboard in Resources */,
				B44A087D1E34A3240013C000 /* Images.xcassets in Resources */,
				607FACE01AFB9204008FA782 /* LaunchScreen.xib in Resources */,
				B406BB9F1E2D2D8200B0D2A4 /* Assets.xcassets in Resources */,
				B406BBA11E2D2D8200B0D2A4 /* Main.storyboard in Resources */,
				B44A087B1E34A3240013C000 /* LaunchScreen.xib in Resources */,
				B406BBA01E2D2D8200B0D2A4 /* LaunchScreen.storyboard in Resources */,
				B412A5841E34AE820073C683 /* Main.storyboard in Resources */,
				B412A5851E34AE820073C683 /* Info.plist in Resources */,
				B412A5831E34AE820073C683 /* LaunchScreen.storyboard in Resources */,
				B44A087C1E34A3240013C000 /* Main.storyboard in Resources */,
				B44A08821E34A3240013C000 /* Info.plist in Resources */,
				607FACDD1AFB9204008FA782 /* Images.xcassets in Resources */,
				B412A5821E34AE820073C683 /* Assets.xcassets in Resources */,
				B406BBA21E2D2D8200B0D2A4 /* Info.plist in Resources */,
			);
			runOnlyForDeploymentPostprocessing = 0;
		};
		B406BBBB1E2D304500B0D2A4 /* Resources */ = {
			isa = PBXResourcesBuildPhase;
			buildActionMask = 2147483647;
			files = (
				B406BBBC1E2D304500B0D2A4 /* Main.storyboard in Resources */,
				B406BBBD1E2D304500B0D2A4 /* LaunchScreen.xib in Resources */,
				B406BBBE1E2D304500B0D2A4 /* Assets.xcassets in Resources */,
				B406BBBF1E2D304500B0D2A4 /* Main.storyboard in Resources */,
				B406BBC01E2D304500B0D2A4 /* LaunchScreen.storyboard in Resources */,
				B406BBC11E2D304500B0D2A4 /* Images.xcassets in Resources */,
			);
			runOnlyForDeploymentPostprocessing = 0;
		};
		B412A5681E34AE690073C683 /* Resources */ = {
			isa = PBXResourcesBuildPhase;
			buildActionMask = 2147483647;
			files = (
				B412A5691E34AE690073C683 /* LaunchScreen.storyboard in Resources */,
				B412A56A1E34AE690073C683 /* Assets.xcassets in Resources */,
				B412A56B1E34AE690073C683 /* Main.storyboard in Resources */,
			);
			runOnlyForDeploymentPostprocessing = 0;
		};
		B41375221E23D3490030460E /* Resources */ = {
			isa = PBXResourcesBuildPhase;
			buildActionMask = 2147483647;
			files = (
			);
			runOnlyForDeploymentPostprocessing = 0;
		};
		B41BC4321E0E37450075ED16 /* Resources */ = {
			isa = PBXResourcesBuildPhase;
			buildActionMask = 2147483647;
			files = (
				B41BC4411E0E37450075ED16 /* LaunchScreen.storyboard in Resources */,
				B41BC43E1E0E37450075ED16 /* Assets.xcassets in Resources */,
				B41BC43C1E0E37450075ED16 /* Main.storyboard in Resources */,
			);
			runOnlyForDeploymentPostprocessing = 0;
		};
		B43DF6751E0E611C0045688F /* Resources */ = {
			isa = PBXResourcesBuildPhase;
			buildActionMask = 2147483647;
			files = (
				B43DF6841E0E611C0045688F /* LaunchScreen.storyboard in Resources */,
				B43DF6811E0E611C0045688F /* Assets.xcassets in Resources */,
				B43DF67F1E0E611C0045688F /* Main.storyboard in Resources */,
				B41375151E23CA040030460E /* Repo.xib in Resources */,
			);
			runOnlyForDeploymentPostprocessing = 0;
		};
		B44A085C1E34A2C30013C000 /* Resources */ = {
			isa = PBXResourcesBuildPhase;
			buildActionMask = 2147483647;
			files = (
				B44A085D1E34A2C30013C000 /* Main.storyboard in Resources */,
				B44A085E1E34A2C30013C000 /* LaunchScreen.xib in Resources */,
				B44A085F1E34A2C30013C000 /* Assets.xcassets in Resources */,
				B44A08601E34A2C30013C000 /* Main.storyboard in Resources */,
				B44A08611E34A2C30013C000 /* LaunchScreen.storyboard in Resources */,
				B44A08621E34A2C30013C000 /* Images.xcassets in Resources */,
				B44A08631E34A2C30013C000 /* Info.plist in Resources */,
			);
			runOnlyForDeploymentPostprocessing = 0;
		};
/* End PBXResourcesBuildPhase section */

/* Begin PBXShellScriptBuildPhase section */
		02258B309CAAFE6D3DA03105 /* [CP] Embed Pods Frameworks */ = {
			isa = PBXShellScriptBuildPhase;
			buildActionMask = 2147483647;
			files = (
			);
			inputPaths = (
			);
			name = "[CP] Embed Pods Frameworks";
			outputPaths = (
			);
			runOnlyForDeploymentPostprocessing = 0;
			shellPath = /bin/sh;
			shellScript = "\"${SRCROOT}/Pods/Target Support Files/Pods-ObjectMapper Sample/Pods-ObjectMapper Sample-frameworks.sh\"\n";
			showEnvVarsInLog = 0;
		};
		1DD069FC70341C68F1D09ADB /* [CP] Embed Pods Frameworks */ = {
			isa = PBXShellScriptBuildPhase;
			buildActionMask = 2147483647;
			files = (
			);
			inputPaths = (
			);
			name = "[CP] Embed Pods Frameworks";
			outputPaths = (
			);
			runOnlyForDeploymentPostprocessing = 0;
			shellPath = /bin/sh;
			shellScript = "\"${SRCROOT}/Pods/Target Support Files/Pods-Himotoki Sample Tests/Pods-Himotoki Sample Tests-frameworks.sh\"\n";
			showEnvVarsInLog = 0;
		};
		30E8EE09AF78ABD5E0D843EE /* [CP] Copy Pods Resources */ = {
			isa = PBXShellScriptBuildPhase;
			buildActionMask = 2147483647;
			files = (
			);
			inputPaths = (
			);
			name = "[CP] Copy Pods Resources";
			outputPaths = (
			);
			runOnlyForDeploymentPostprocessing = 0;
			shellPath = /bin/sh;
			shellScript = "\"${SRCROOT}/Pods/Target Support Files/Pods-Argo Sample/Pods-Argo Sample-resources.sh\"\n";
			showEnvVarsInLog = 0;
		};
		385700B380A7E01BB37C5F38 /* [CP] Copy Pods Resources */ = {
			isa = PBXShellScriptBuildPhase;
			buildActionMask = 2147483647;
			files = (
			);
			inputPaths = (
			);
			name = "[CP] Copy Pods Resources";
			outputPaths = (
			);
			runOnlyForDeploymentPostprocessing = 0;
			shellPath = /bin/sh;
			shellScript = "\"${SRCROOT}/Pods/Target Support Files/Pods-Himotoki Sample Tests/Pods-Himotoki Sample Tests-resources.sh\"\n";
			showEnvVarsInLog = 0;
		};
		38D75ECD3B8BDAA6906C3B87 /* [CP] Check Pods Manifest.lock */ = {
			isa = PBXShellScriptBuildPhase;
			buildActionMask = 2147483647;
			files = (
			);
			inputPaths = (
			);
			name = "[CP] Check Pods Manifest.lock";
			outputPaths = (
			);
			runOnlyForDeploymentPostprocessing = 0;
			shellPath = /bin/sh;
			shellScript = "diff \"${PODS_ROOT}/../Podfile.lock\" \"${PODS_ROOT}/Manifest.lock\" > /dev/null\nif [ $? != 0 ] ; then\n    # print error to STDERR\n    echo \"error: The sandbox is not in sync with the Podfile.lock. Run 'pod install' or update your CocoaPods installation.\" >&2\n    exit 1\nfi\n";
			showEnvVarsInLog = 0;
		};
		7A2D11CECE81C807CC185470 /* [CP] Check Pods Manifest.lock */ = {
			isa = PBXShellScriptBuildPhase;
			buildActionMask = 2147483647;
			files = (
			);
			inputPaths = (
			);
			name = "[CP] Check Pods Manifest.lock";
			outputPaths = (
			);
			runOnlyForDeploymentPostprocessing = 0;
			shellPath = /bin/sh;
			shellScript = "diff \"${PODS_ROOT}/../Podfile.lock\" \"${PODS_ROOT}/Manifest.lock\" > /dev/null\nif [ $? != 0 ] ; then\n    # print error to STDERR\n    echo \"error: The sandbox is not in sync with the Podfile.lock. Run 'pod install' or update your CocoaPods installation.\" >&2\n    exit 1\nfi\n";
			showEnvVarsInLog = 0;
		};
		AC328C62A0D2766021392911 /* [CP] Embed Pods Frameworks */ = {
			isa = PBXShellScriptBuildPhase;
			buildActionMask = 2147483647;
			files = (
			);
			inputPaths = (
			);
			name = "[CP] Embed Pods Frameworks";
			outputPaths = (
			);
			runOnlyForDeploymentPostprocessing = 0;
			shellPath = /bin/sh;
			shellScript = "\"${SRCROOT}/Pods/Target Support Files/Pods-Argo Sample/Pods-Argo Sample-frameworks.sh\"\n";
			showEnvVarsInLog = 0;
		};
		B387FA047C2C7DBB92756F4D /* [CP] Copy Pods Resources */ = {
			isa = PBXShellScriptBuildPhase;
			buildActionMask = 2147483647;
			files = (
			);
			inputPaths = (
			);
			name = "[CP] Copy Pods Resources";
			outputPaths = (
			);
			runOnlyForDeploymentPostprocessing = 0;
			shellPath = /bin/sh;
			shellScript = "\"${SRCROOT}/Pods/Target Support Files/Pods-Himotoki Sample/Pods-Himotoki Sample-resources.sh\"\n";
			showEnvVarsInLog = 0;
		};
		B406BBAB1E2D304500B0D2A4 /* [CP] Check Pods Manifest.lock */ = {
			isa = PBXShellScriptBuildPhase;
			buildActionMask = 2147483647;
			files = (
			);
			inputPaths = (
			);
			name = "[CP] Check Pods Manifest.lock";
			outputPaths = (
			);
			runOnlyForDeploymentPostprocessing = 0;
			shellPath = /bin/sh;
			shellScript = "diff \"${PODS_ROOT}/../Podfile.lock\" \"${PODS_ROOT}/Manifest.lock\" > /dev/null\nif [ $? != 0 ] ; then\n    # print error to STDERR\n    echo \"error: The sandbox is not in sync with the Podfile.lock. Run 'pod install' or update your CocoaPods installation.\" >&2\n    exit 1\nfi\n";
			showEnvVarsInLog = 0;
		};
		B406BBC31E2D304500B0D2A4 /* [CP] Embed Pods Frameworks */ = {
			isa = PBXShellScriptBuildPhase;
			buildActionMask = 2147483647;
			files = (
			);
			inputPaths = (
			);
			name = "[CP] Embed Pods Frameworks";
			outputPaths = (
			);
			runOnlyForDeploymentPostprocessing = 0;
			shellPath = /bin/sh;
			shellScript = "\"${SRCROOT}/Pods/Target Support Files/Pods-SwiftyJSON Sample/Pods-SwiftyJSON Sample-frameworks.sh\"\n";
			showEnvVarsInLog = 0;
		};
		B406BBC41E2D304500B0D2A4 /* [CP] Copy Pods Resources */ = {
			isa = PBXShellScriptBuildPhase;
			buildActionMask = 2147483647;
			files = (
			);
			inputPaths = (
			);
			name = "[CP] Copy Pods Resources";
			outputPaths = (
			);
			runOnlyForDeploymentPostprocessing = 0;
			shellPath = /bin/sh;
			shellScript = "\"${SRCROOT}/Pods/Target Support Files/Pods-SwiftyJSON Sample/Pods-SwiftyJSON Sample-resources.sh\"\n";
			showEnvVarsInLog = 0;
		};
		B412A55E1E34AE690073C683 /* [CP] Check Pods Manifest.lock */ = {
			isa = PBXShellScriptBuildPhase;
			buildActionMask = 2147483647;
			files = (
			);
			inputPaths = (
			);
			name = "[CP] Check Pods Manifest.lock";
			outputPaths = (
			);
			runOnlyForDeploymentPostprocessing = 0;
			shellPath = /bin/sh;
			shellScript = "diff \"${PODS_ROOT}/../Podfile.lock\" \"${PODS_ROOT}/Manifest.lock\" > /dev/null\nif [ $? != 0 ] ; then\n    # print error to STDERR\n    echo \"error: The sandbox is not in sync with the Podfile.lock. Run 'pod install' or update your CocoaPods installation.\" >&2\n    exit 1\nfi\n";
			showEnvVarsInLog = 0;
		};
		B412A56C1E34AE690073C683 /* [CP] Embed Pods Frameworks */ = {
			isa = PBXShellScriptBuildPhase;
			buildActionMask = 2147483647;
			files = (
			);
			inputPaths = (
			);
			name = "[CP] Embed Pods Frameworks";
			outputPaths = (
			);
			runOnlyForDeploymentPostprocessing = 0;
			shellPath = /bin/sh;
			shellScript = "\"${SRCROOT}/Pods/Target Support Files/Pods-JASON Sample/Pods-JASON Sample-frameworks.sh\"\n";
			showEnvVarsInLog = 0;
		};
		B412A56D1E34AE690073C683 /* [CP] Copy Pods Resources */ = {
			isa = PBXShellScriptBuildPhase;
			buildActionMask = 2147483647;
			files = (
			);
			inputPaths = (
			);
			name = "[CP] Copy Pods Resources";
			outputPaths = (
			);
			runOnlyForDeploymentPostprocessing = 0;
			shellPath = /bin/sh;
			shellScript = "\"${SRCROOT}/Pods/Target Support Files/Pods-JASON Sample/Pods-JASON Sample-resources.sh\"\n";
			showEnvVarsInLog = 0;
		};
		B44A08521E34A2C30013C000 /* [CP] Check Pods Manifest.lock */ = {
			isa = PBXShellScriptBuildPhase;
			buildActionMask = 2147483647;
			files = (
			);
			inputPaths = (
			);
			name = "[CP] Check Pods Manifest.lock";
			outputPaths = (
			);
			runOnlyForDeploymentPostprocessing = 0;
			shellPath = /bin/sh;
			shellScript = "diff \"${PODS_ROOT}/../Podfile.lock\" \"${PODS_ROOT}/Manifest.lock\" > /dev/null\nif [ $? != 0 ] ; then\n    # print error to STDERR\n    echo \"error: The sandbox is not in sync with the Podfile.lock. Run 'pod install' or update your CocoaPods installation.\" >&2\n    exit 1\nfi\n";
			showEnvVarsInLog = 0;
		};
		B44A08641E34A2C30013C000 /* [CP] Embed Pods Frameworks */ = {
			isa = PBXShellScriptBuildPhase;
			buildActionMask = 2147483647;
			files = (
			);
			inputPaths = (
			);
			name = "[CP] Embed Pods Frameworks";
			outputPaths = (
			);
			runOnlyForDeploymentPostprocessing = 0;
			shellPath = /bin/sh;
			shellScript = "\"${SRCROOT}/Pods/Target Support Files/Pods-ModelMapper Sample/Pods-ModelMapper Sample-frameworks.sh\"\n";
			showEnvVarsInLog = 0;
		};
		B44A08651E34A2C30013C000 /* [CP] Copy Pods Resources */ = {
			isa = PBXShellScriptBuildPhase;
			buildActionMask = 2147483647;
			files = (
			);
			inputPaths = (
			);
			name = "[CP] Copy Pods Resources";
			outputPaths = (
			);
			runOnlyForDeploymentPostprocessing = 0;
			shellPath = /bin/sh;
			shellScript = "\"${SRCROOT}/Pods/Target Support Files/Pods-ModelMapper Sample/Pods-ModelMapper Sample-resources.sh\"\n";
			showEnvVarsInLog = 0;
		};
		C3145D23628836CA1D599CDA /* [CP] Check Pods Manifest.lock */ = {
			isa = PBXShellScriptBuildPhase;
			buildActionMask = 2147483647;
			files = (
			);
			inputPaths = (
			);
			name = "[CP] Check Pods Manifest.lock";
			outputPaths = (
			);
			runOnlyForDeploymentPostprocessing = 0;
			shellPath = /bin/sh;
			shellScript = "diff \"${PODS_ROOT}/../Podfile.lock\" \"${PODS_ROOT}/Manifest.lock\" > /dev/null\nif [ $? != 0 ] ; then\n    # print error to STDERR\n    echo \"error: The sandbox is not in sync with the Podfile.lock. Run 'pod install' or update your CocoaPods installation.\" >&2\n    exit 1\nfi\n";
			showEnvVarsInLog = 0;
		};
		D939DC427643736E32954072 /* [CP] Copy Pods Resources */ = {
			isa = PBXShellScriptBuildPhase;
			buildActionMask = 2147483647;
			files = (
			);
			inputPaths = (
			);
			name = "[CP] Copy Pods Resources";
			outputPaths = (
			);
			runOnlyForDeploymentPostprocessing = 0;
			shellPath = /bin/sh;
			shellScript = "\"${SRCROOT}/Pods/Target Support Files/Pods-ObjectMapper Sample/Pods-ObjectMapper Sample-resources.sh\"\n";
			showEnvVarsInLog = 0;
		};
		F1B275BA43B63F4893A84322 /* [CP] Check Pods Manifest.lock */ = {
			isa = PBXShellScriptBuildPhase;
			buildActionMask = 2147483647;
			files = (
			);
			inputPaths = (
			);
			name = "[CP] Check Pods Manifest.lock";
			outputPaths = (
			);
			runOnlyForDeploymentPostprocessing = 0;
			shellPath = /bin/sh;
			shellScript = "diff \"${PODS_ROOT}/../Podfile.lock\" \"${PODS_ROOT}/Manifest.lock\" > /dev/null\nif [ $? != 0 ] ; then\n    # print error to STDERR\n    echo \"error: The sandbox is not in sync with the Podfile.lock. Run 'pod install' or update your CocoaPods installation.\" >&2\n    exit 1\nfi\n";
			showEnvVarsInLog = 0;
		};
		FE1242E33FF39336232BB0DA /* [CP] Embed Pods Frameworks */ = {
			isa = PBXShellScriptBuildPhase;
			buildActionMask = 2147483647;
			files = (
			);
			inputPaths = (
			);
			name = "[CP] Embed Pods Frameworks";
			outputPaths = (
			);
			runOnlyForDeploymentPostprocessing = 0;
			shellPath = /bin/sh;
			shellScript = "\"${SRCROOT}/Pods/Target Support Files/Pods-Himotoki Sample/Pods-Himotoki Sample-frameworks.sh\"\n";
			showEnvVarsInLog = 0;
		};
/* End PBXShellScriptBuildPhase section */

/* Begin PBXSourcesBuildPhase section */
		607FACCC1AFB9204008FA782 /* Sources */ = {
			isa = PBXSourcesBuildPhase;
			buildActionMask = 2147483647;
			files = (
				B401BABD1E0D2C6100F93BC4 /* RepoRequest.swift in Sources */,
				B401BAC31E0D6DFA00F93BC4 /* SchedulerService.swift in Sources */,
				607FACD81AFB9204008FA782 /* ViewController.swift in Sources */,
				B401BAC11E0D677E00F93BC4 /* GithubAPIService.swift in Sources */,
				607FACD61AFB9204008FA782 /* AppDelegate.swift in Sources */,
				B401BABF1E0D2C9500F93BC4 /* Repo.swift in Sources */,
			);
			runOnlyForDeploymentPostprocessing = 0;
		};
		B406BBAC1E2D304500B0D2A4 /* Sources */ = {
			isa = PBXSourcesBuildPhase;
			buildActionMask = 2147483647;
			files = (
				B406BBAE1E2D304500B0D2A4 /* RepoRequest.swift in Sources */,
				B406BBB11E2D304500B0D2A4 /* Repo.swift in Sources */,
				B406BBB31E2D304500B0D2A4 /* ViewController.swift in Sources */,
				B406BBB41E2D304500B0D2A4 /* SchedulerService.swift in Sources */,
				B406BBB51E2D304500B0D2A4 /* AppDelegate.swift in Sources */,
				B406BBB81E2D304500B0D2A4 /* GithubAPIService.swift in Sources */,
			);
			runOnlyForDeploymentPostprocessing = 0;
		};
		B412A55F1E34AE690073C683 /* Sources */ = {
			isa = PBXSourcesBuildPhase;
			buildActionMask = 2147483647;
			files = (
				B412A58D1E34AF420073C683 /* GithubAPIService.swift in Sources */,
				B412A58E1E34AF420073C683 /* Repo.swift in Sources */,
				B412A58F1E34AF420073C683 /* RepoRequest.swift in Sources */,
				B412A5901E34AF420073C683 /* SchedulerService.swift in Sources */,
				B412A58C1E34AF3E0073C683 /* ViewController.swift in Sources */,
				B412A58B1E34AF3A0073C683 /* AppDelegate.swift in Sources */,
			);
			runOnlyForDeploymentPostprocessing = 0;
		};
		B41375201E23D3490030460E /* Sources */ = {
			isa = PBXSourcesBuildPhase;
			buildActionMask = 2147483647;
			files = (
				B41375271E23D3490030460E /* RepoViewModelTest.swift in Sources */,
			);
			runOnlyForDeploymentPostprocessing = 0;
		};
		B41BC4301E0E37450075ED16 /* Sources */ = {
			isa = PBXSourcesBuildPhase;
			buildActionMask = 2147483647;
			files = (
				B41BC44B1E0E3B260075ED16 /* GithubAPIService.swift in Sources */,
				B41BC44E1E0E3B260075ED16 /* SchedulerService.swift in Sources */,
				B41BC44D1E0E3B260075ED16 /* RepoRequest.swift in Sources */,
				B41BC4391E0E37450075ED16 /* ViewController.swift in Sources */,
				B41BC4371E0E37450075ED16 /* AppDelegate.swift in Sources */,
				B41BC44C1E0E3B260075ED16 /* Repo.swift in Sources */,
			);
			runOnlyForDeploymentPostprocessing = 0;
		};
		B43DF6731E0E611C0045688F /* Sources */ = {
			isa = PBXSourcesBuildPhase;
			buildActionMask = 2147483647;
			files = (
				B413751C1E23CE2E0030460E /* RepoViewModel.swift in Sources */,
				B413751F1E23D01E0030460E /* UIImageView.swift in Sources */,
				B43DF68E1E0E618E0045688F /* GithubAPIService.swift in Sources */,
				B43DF6911E0E618E0045688F /* SchedulerService.swift in Sources */,
				B43DF6901E0E618E0045688F /* RepoRequest.swift in Sources */,
				B41375191E23CA3C0030460E /* RepoTableViewCell.swift in Sources */,
				B43DF67C1E0E611C0045688F /* RepoViewController.swift in Sources */,
				B43DF67A1E0E611C0045688F /* AppDelegate.swift in Sources */,
				B43DF68F1E0E618E0045688F /* Repo.swift in Sources */,
			);
			runOnlyForDeploymentPostprocessing = 0;
		};
		B44A08531E34A2C30013C000 /* Sources */ = {
			isa = PBXSourcesBuildPhase;
			buildActionMask = 2147483647;
			files = (
				B412A55B1E34A4C10073C683 /* AppDelegate.swift in Sources */,
				B412A55C1E34A4C10073C683 /* ViewController.swift in Sources */,
				B412A5571E34A4A90073C683 /* GithubAPIService.swift in Sources */,
				B412A5581E34A4A90073C683 /* Repo.swift in Sources */,
				B412A5591E34A4A90073C683 /* RepoRequest.swift in Sources */,
				B412A55A1E34A4A90073C683 /* SchedulerService.swift in Sources */,
			);
			runOnlyForDeploymentPostprocessing = 0;
		};
/* End PBXSourcesBuildPhase section */

/* Begin PBXTargetDependency section */
		B413752A1E23D3490030460E /* PBXTargetDependency */ = {
			isa = PBXTargetDependency;
			target = B43DF6761E0E611C0045688F /* Himotoki Sample */;
			targetProxy = B41375291E23D3490030460E /* PBXContainerItemProxy */;
		};
/* End PBXTargetDependency section */

/* Begin PBXVariantGroup section */
		607FACD91AFB9204008FA782 /* Main.storyboard */ = {
			isa = PBXVariantGroup;
			children = (
				607FACDA1AFB9204008FA782 /* Base */,
			);
			name = Main.storyboard;
			path = .;
			sourceTree = "<group>";
		};
		607FACDE1AFB9204008FA782 /* LaunchScreen.xib */ = {
			isa = PBXVariantGroup;
			children = (
				607FACDF1AFB9204008FA782 /* Base */,
			);
			name = LaunchScreen.xib;
			path = .;
			sourceTree = "<group>";
		};
		B406BB931E2D2D8200B0D2A4 /* LaunchScreen.storyboard */ = {
			isa = PBXVariantGroup;
			children = (
				B406BB941E2D2D8200B0D2A4 /* Base */,
			);
			name = LaunchScreen.storyboard;
			sourceTree = "<group>";
		};
		B406BB951E2D2D8200B0D2A4 /* Main.storyboard */ = {
			isa = PBXVariantGroup;
			children = (
				B406BB961E2D2D8200B0D2A4 /* Base */,
			);
			name = Main.storyboard;
			sourceTree = "<group>";
		};
		B412A5761E34AE820073C683 /* LaunchScreen.storyboard */ = {
			isa = PBXVariantGroup;
			children = (
				B412A5771E34AE820073C683 /* Base */,
			);
			name = LaunchScreen.storyboard;
			sourceTree = "<group>";
		};
		B412A5781E34AE820073C683 /* Main.storyboard */ = {
			isa = PBXVariantGroup;
			children = (
				B412A5791E34AE820073C683 /* Base */,
			);
			name = Main.storyboard;
			sourceTree = "<group>";
		};
		B41BC43A1E0E37450075ED16 /* Main.storyboard */ = {
			isa = PBXVariantGroup;
			children = (
				B41BC43B1E0E37450075ED16 /* Base */,
			);
			name = Main.storyboard;
			path = .;
			sourceTree = "<group>";
		};
		B41BC43F1E0E37450075ED16 /* LaunchScreen.storyboard */ = {
			isa = PBXVariantGroup;
			children = (
				B41BC4401E0E37450075ED16 /* Base */,
			);
			name = LaunchScreen.storyboard;
			path = .;
			sourceTree = "<group>";
		};
		B43DF67D1E0E611C0045688F /* Main.storyboard */ = {
			isa = PBXVariantGroup;
			children = (
				B43DF67E1E0E611C0045688F /* Base */,
			);
			name = Main.storyboard;
			path = .;
			sourceTree = "<group>";
		};
		B43DF6821E0E611C0045688F /* LaunchScreen.storyboard */ = {
			isa = PBXVariantGroup;
			children = (
				B43DF6831E0E611C0045688F /* Base */,
			);
			name = LaunchScreen.storyboard;
			path = .;
			sourceTree = "<group>";
		};
		B44A086D1E34A3240013C000 /* LaunchScreen.xib */ = {
			isa = PBXVariantGroup;
			children = (
				B44A086E1E34A3240013C000 /* Base */,
			);
			name = LaunchScreen.xib;
			sourceTree = "<group>";
		};
		B44A086F1E34A3240013C000 /* Main.storyboard */ = {
			isa = PBXVariantGroup;
			children = (
				B44A08701E34A3240013C000 /* Base */,
			);
			name = Main.storyboard;
			sourceTree = "<group>";
		};
/* End PBXVariantGroup section */

/* Begin XCBuildConfiguration section */
		607FACED1AFB9204008FA782 /* Debug */ = {
			isa = XCBuildConfiguration;
			buildSettings = {
				ALWAYS_SEARCH_USER_PATHS = NO;
				CLANG_CXX_LANGUAGE_STANDARD = "gnu++0x";
				CLANG_CXX_LIBRARY = "libc++";
				CLANG_ENABLE_MODULES = YES;
				CLANG_ENABLE_OBJC_ARC = YES;
				CLANG_WARN_BOOL_CONVERSION = YES;
				CLANG_WARN_CONSTANT_CONVERSION = YES;
				CLANG_WARN_DIRECT_OBJC_ISA_USAGE = YES_ERROR;
				CLANG_WARN_EMPTY_BODY = YES;
				CLANG_WARN_ENUM_CONVERSION = YES;
				CLANG_WARN_INFINITE_RECURSION = YES;
				CLANG_WARN_INT_CONVERSION = YES;
				CLANG_WARN_OBJC_ROOT_CLASS = YES_ERROR;
				CLANG_WARN_SUSPICIOUS_MOVE = YES;
				CLANG_WARN_UNREACHABLE_CODE = YES;
				CLANG_WARN__DUPLICATE_METHOD_MATCH = YES;
				"CODE_SIGN_IDENTITY[sdk=iphoneos*]" = "iPhone Developer";
				COPY_PHASE_STRIP = NO;
				DEBUG_INFORMATION_FORMAT = "dwarf-with-dsym";
				ENABLE_STRICT_OBJC_MSGSEND = YES;
				ENABLE_TESTABILITY = YES;
				GCC_C_LANGUAGE_STANDARD = gnu99;
				GCC_DYNAMIC_NO_PIC = NO;
				GCC_NO_COMMON_BLOCKS = YES;
				GCC_OPTIMIZATION_LEVEL = 0;
				GCC_PREPROCESSOR_DEFINITIONS = (
					"DEBUG=1",
					"$(inherited)",
				);
				GCC_SYMBOLS_PRIVATE_EXTERN = NO;
				GCC_WARN_64_TO_32_BIT_CONVERSION = YES;
				GCC_WARN_ABOUT_RETURN_TYPE = YES_ERROR;
				GCC_WARN_UNDECLARED_SELECTOR = YES;
				GCC_WARN_UNINITIALIZED_AUTOS = YES_AGGRESSIVE;
				GCC_WARN_UNUSED_FUNCTION = YES;
				GCC_WARN_UNUSED_VARIABLE = YES;
				IPHONEOS_DEPLOYMENT_TARGET = 8.0;
				MTL_ENABLE_DEBUG_INFO = YES;
				ONLY_ACTIVE_ARCH = YES;
				SDKROOT = iphoneos;
				SWIFT_OPTIMIZATION_LEVEL = "-Onone";
			};
			name = Debug;
		};
		607FACEE1AFB9204008FA782 /* Release */ = {
			isa = XCBuildConfiguration;
			buildSettings = {
				ALWAYS_SEARCH_USER_PATHS = NO;
				CLANG_CXX_LANGUAGE_STANDARD = "gnu++0x";
				CLANG_CXX_LIBRARY = "libc++";
				CLANG_ENABLE_MODULES = YES;
				CLANG_ENABLE_OBJC_ARC = YES;
				CLANG_WARN_BOOL_CONVERSION = YES;
				CLANG_WARN_CONSTANT_CONVERSION = YES;
				CLANG_WARN_DIRECT_OBJC_ISA_USAGE = YES_ERROR;
				CLANG_WARN_EMPTY_BODY = YES;
				CLANG_WARN_ENUM_CONVERSION = YES;
				CLANG_WARN_INFINITE_RECURSION = YES;
				CLANG_WARN_INT_CONVERSION = YES;
				CLANG_WARN_OBJC_ROOT_CLASS = YES_ERROR;
				CLANG_WARN_SUSPICIOUS_MOVE = YES;
				CLANG_WARN_UNREACHABLE_CODE = YES;
				CLANG_WARN__DUPLICATE_METHOD_MATCH = YES;
				"CODE_SIGN_IDENTITY[sdk=iphoneos*]" = "iPhone Developer";
				COPY_PHASE_STRIP = NO;
				DEBUG_INFORMATION_FORMAT = "dwarf-with-dsym";
				ENABLE_NS_ASSERTIONS = NO;
				ENABLE_STRICT_OBJC_MSGSEND = YES;
				GCC_C_LANGUAGE_STANDARD = gnu99;
				GCC_NO_COMMON_BLOCKS = YES;
				GCC_WARN_64_TO_32_BIT_CONVERSION = YES;
				GCC_WARN_ABOUT_RETURN_TYPE = YES_ERROR;
				GCC_WARN_UNDECLARED_SELECTOR = YES;
				GCC_WARN_UNINITIALIZED_AUTOS = YES_AGGRESSIVE;
				GCC_WARN_UNUSED_FUNCTION = YES;
				GCC_WARN_UNUSED_VARIABLE = YES;
				IPHONEOS_DEPLOYMENT_TARGET = 8.0;
				MTL_ENABLE_DEBUG_INFO = NO;
				SDKROOT = iphoneos;
				SWIFT_OPTIMIZATION_LEVEL = "-Owholemodule";
				VALIDATE_PRODUCT = YES;
			};
			name = Release;
		};
		607FACF01AFB9204008FA782 /* Debug */ = {
			isa = XCBuildConfiguration;
			baseConfigurationReference = D21AEE096FE9F0600C8148C9 /* Pods-ObjectMapper Sample.debug.xcconfig */;
			buildSettings = {
				ALWAYS_EMBED_SWIFT_STANDARD_LIBRARIES = YES;
				DEVELOPMENT_TEAM = QHAYH73D9C;
				INFOPLIST_FILE = "ObjectMapper Sample/Supporting Files/Info.plist";
				IPHONEOS_DEPLOYMENT_TARGET = 8.0;
				LD_RUNPATH_SEARCH_PATHS = "$(inherited) @executable_path/Frameworks";
				MODULE_NAME = ExampleApp;
				PRODUCT_BUNDLE_IDENTIFIER = "com.vunhatminh.ObjectMapper-Sample";
				PRODUCT_NAME = "$(TARGET_NAME)";
				SWIFT_VERSION = 3.0;
				TARGETED_DEVICE_FAMILY = "1,2";
			};
			name = Debug;
		};
		607FACF11AFB9204008FA782 /* Release */ = {
			isa = XCBuildConfiguration;
			baseConfigurationReference = DE1A9E76FE305995DF40CBDF /* Pods-ObjectMapper Sample.release.xcconfig */;
			buildSettings = {
				ALWAYS_EMBED_SWIFT_STANDARD_LIBRARIES = YES;
				DEVELOPMENT_TEAM = QHAYH73D9C;
				INFOPLIST_FILE = "ObjectMapper Sample/Supporting Files/Info.plist";
				IPHONEOS_DEPLOYMENT_TARGET = 8.0;
				LD_RUNPATH_SEARCH_PATHS = "$(inherited) @executable_path/Frameworks";
				MODULE_NAME = ExampleApp;
				PRODUCT_BUNDLE_IDENTIFIER = "com.vunhatminh.ObjectMapper-Sample";
				PRODUCT_NAME = "$(TARGET_NAME)";
				SWIFT_VERSION = 3.0;
				TARGETED_DEVICE_FAMILY = "1,2";
			};
			name = Release;
		};
		B406BBC61E2D304500B0D2A4 /* Debug */ = {
			isa = XCBuildConfiguration;
			baseConfigurationReference = 44BE6AB2EA12361CB8B94FE5 /* Pods-SwiftyJSON Sample.debug.xcconfig */;
			buildSettings = {
				ALWAYS_EMBED_SWIFT_STANDARD_LIBRARIES = YES;
				DEVELOPMENT_TEAM = QHAYH73D9C;
				INFOPLIST_FILE = "$(SRCROOT)/SwiftyJSON Sample/Info.plist";
				IPHONEOS_DEPLOYMENT_TARGET = 8.0;
				LD_RUNPATH_SEARCH_PATHS = "$(inherited) @executable_path/Frameworks";
				MODULE_NAME = ExampleApp;
				PRODUCT_BUNDLE_IDENTIFIER = "com.vunhatminh.SwiftyJSON-Sample";
				PRODUCT_NAME = "$(TARGET_NAME)";
				SWIFT_VERSION = 3.0;
				TARGETED_DEVICE_FAMILY = "1,2";
			};
			name = Debug;
		};
		B406BBC71E2D304500B0D2A4 /* Release */ = {
			isa = XCBuildConfiguration;
			baseConfigurationReference = 35D957EF86DDF3E2EA6866FD /* Pods-SwiftyJSON Sample.release.xcconfig */;
			buildSettings = {
				ALWAYS_EMBED_SWIFT_STANDARD_LIBRARIES = YES;
				DEVELOPMENT_TEAM = QHAYH73D9C;
				INFOPLIST_FILE = "$(SRCROOT)/SwiftyJSON Sample/Info.plist";
				IPHONEOS_DEPLOYMENT_TARGET = 8.0;
				LD_RUNPATH_SEARCH_PATHS = "$(inherited) @executable_path/Frameworks";
				MODULE_NAME = ExampleApp;
				PRODUCT_BUNDLE_IDENTIFIER = "com.vunhatminh.SwiftyJSON-Sample";
				PRODUCT_NAME = "$(TARGET_NAME)";
				SWIFT_VERSION = 3.0;
				TARGETED_DEVICE_FAMILY = "1,2";
			};
			name = Release;
		};
		B412A56F1E34AE690073C683 /* Debug */ = {
			isa = XCBuildConfiguration;
			baseConfigurationReference = FC2F4C6380C2EB432B0667B5 /* Pods-JASON Sample.debug.xcconfig */;
			buildSettings = {
				ALWAYS_EMBED_SWIFT_STANDARD_LIBRARIES = YES;
				CLANG_ANALYZER_NONNULL = YES;
				CLANG_WARN_DOCUMENTATION_COMMENTS = YES;
				DEBUG_INFORMATION_FORMAT = dwarf;
				DEVELOPMENT_TEAM = QHAYH73D9C;
				INFOPLIST_FILE = "JASON Sample/Info.plist";
				IPHONEOS_DEPLOYMENT_TARGET = 8.0;
				LD_RUNPATH_SEARCH_PATHS = "$(inherited) @executable_path/Frameworks";
				PRODUCT_BUNDLE_IDENTIFIER = "com.vunhatminh.Argo-Sample";
				PRODUCT_NAME = "$(TARGET_NAME)";
				SWIFT_ACTIVE_COMPILATION_CONDITIONS = DEBUG;
				SWIFT_VERSION = 3.0;
				TARGETED_DEVICE_FAMILY = "1,2";
			};
			name = Debug;
		};
		B412A5701E34AE690073C683 /* Release */ = {
			isa = XCBuildConfiguration;
			baseConfigurationReference = 4CA51FD4328266D934638AF8 /* Pods-JASON Sample.release.xcconfig */;
			buildSettings = {
				ALWAYS_EMBED_SWIFT_STANDARD_LIBRARIES = YES;
				CLANG_ANALYZER_NONNULL = YES;
				CLANG_WARN_DOCUMENTATION_COMMENTS = YES;
				DEVELOPMENT_TEAM = QHAYH73D9C;
				INFOPLIST_FILE = "JASON Sample/Info.plist";
				IPHONEOS_DEPLOYMENT_TARGET = 8.0;
				LD_RUNPATH_SEARCH_PATHS = "$(inherited) @executable_path/Frameworks";
				PRODUCT_BUNDLE_IDENTIFIER = "com.vunhatminh.Argo-Sample";
				PRODUCT_NAME = "$(TARGET_NAME)";
				SWIFT_VERSION = 3.0;
				TARGETED_DEVICE_FAMILY = "1,2";
			};
			name = Release;
		};
		B413752C1E23D3490030460E /* Debug */ = {
			isa = XCBuildConfiguration;
			baseConfigurationReference = DF7293A30EB09F07B0995D7E /* Pods-Himotoki Sample Tests.debug.xcconfig */;
			buildSettings = {
				ALWAYS_EMBED_SWIFT_STANDARD_LIBRARIES = YES;
				BUNDLE_LOADER = "$(TEST_HOST)";
				CLANG_ANALYZER_NONNULL = YES;
				CLANG_WARN_DOCUMENTATION_COMMENTS = YES;
				DEBUG_INFORMATION_FORMAT = dwarf;
				DEVELOPMENT_TEAM = QHAYH73D9C;
				INFOPLIST_FILE = "Himotoki Sample Tests/Info.plist";
				IPHONEOS_DEPLOYMENT_TARGET = 10.2;
				LD_RUNPATH_SEARCH_PATHS = "$(inherited) @executable_path/Frameworks @loader_path/Frameworks";
				PRODUCT_BUNDLE_IDENTIFIER = "com.vunhatminh.Himotoki-Sample-Tests";
				PRODUCT_NAME = "$(TARGET_NAME)";
				SWIFT_ACTIVE_COMPILATION_CONDITIONS = DEBUG;
				SWIFT_VERSION = 3.0;
				TEST_HOST = "$(BUILT_PRODUCTS_DIR)/Himotoki Sample.app/Himotoki Sample";
			};
			name = Debug;
		};
		B413752D1E23D3490030460E /* Release */ = {
			isa = XCBuildConfiguration;
			baseConfigurationReference = D5915E7FC0289F3980B73076 /* Pods-Himotoki Sample Tests.release.xcconfig */;
			buildSettings = {
				ALWAYS_EMBED_SWIFT_STANDARD_LIBRARIES = YES;
				BUNDLE_LOADER = "$(TEST_HOST)";
				CLANG_ANALYZER_NONNULL = YES;
				CLANG_WARN_DOCUMENTATION_COMMENTS = YES;
				DEVELOPMENT_TEAM = QHAYH73D9C;
				INFOPLIST_FILE = "Himotoki Sample Tests/Info.plist";
				IPHONEOS_DEPLOYMENT_TARGET = 10.2;
				LD_RUNPATH_SEARCH_PATHS = "$(inherited) @executable_path/Frameworks @loader_path/Frameworks";
				PRODUCT_BUNDLE_IDENTIFIER = "com.vunhatminh.Himotoki-Sample-Tests";
				PRODUCT_NAME = "$(TARGET_NAME)";
				SWIFT_VERSION = 3.0;
				TEST_HOST = "$(BUILT_PRODUCTS_DIR)/Himotoki Sample.app/Himotoki Sample";
			};
			name = Release;
		};
		B41BC4431E0E37450075ED16 /* Debug */ = {
			isa = XCBuildConfiguration;
			baseConfigurationReference = FF6D54714866EAD920B6D886 /* Pods-Argo Sample.debug.xcconfig */;
			buildSettings = {
				ALWAYS_EMBED_SWIFT_STANDARD_LIBRARIES = YES;
				CLANG_ANALYZER_NONNULL = YES;
				CLANG_WARN_DOCUMENTATION_COMMENTS = YES;
				DEBUG_INFORMATION_FORMAT = dwarf;
				DEVELOPMENT_TEAM = QHAYH73D9C;
				INFOPLIST_FILE = "Argo Sample/Info.plist";
				IPHONEOS_DEPLOYMENT_TARGET = 8.0;
				LD_RUNPATH_SEARCH_PATHS = "$(inherited) @executable_path/Frameworks";
				PRODUCT_BUNDLE_IDENTIFIER = "com.vunhatminh.Argo-Sample";
				PRODUCT_NAME = "$(TARGET_NAME)";
				SWIFT_ACTIVE_COMPILATION_CONDITIONS = DEBUG;
				SWIFT_VERSION = 3.0;
				TARGETED_DEVICE_FAMILY = "1,2";
			};
			name = Debug;
		};
		B41BC4441E0E37450075ED16 /* Release */ = {
			isa = XCBuildConfiguration;
			baseConfigurationReference = 7DBE3AD0C570CECB61AA3D9B /* Pods-Argo Sample.release.xcconfig */;
			buildSettings = {
				ALWAYS_EMBED_SWIFT_STANDARD_LIBRARIES = YES;
				CLANG_ANALYZER_NONNULL = YES;
				CLANG_WARN_DOCUMENTATION_COMMENTS = YES;
				DEVELOPMENT_TEAM = QHAYH73D9C;
				INFOPLIST_FILE = "Argo Sample/Info.plist";
				IPHONEOS_DEPLOYMENT_TARGET = 8.0;
				LD_RUNPATH_SEARCH_PATHS = "$(inherited) @executable_path/Frameworks";
				PRODUCT_BUNDLE_IDENTIFIER = "com.vunhatminh.Argo-Sample";
				PRODUCT_NAME = "$(TARGET_NAME)";
				SWIFT_VERSION = 3.0;
				TARGETED_DEVICE_FAMILY = "1,2";
			};
			name = Release;
		};
		B43DF6861E0E611C0045688F /* Debug */ = {
			isa = XCBuildConfiguration;
			baseConfigurationReference = B1CECC39C84E609EFE21DC83 /* Pods-Himotoki Sample.debug.xcconfig */;
			buildSettings = {
				ALWAYS_EMBED_SWIFT_STANDARD_LIBRARIES = YES;
				CLANG_ANALYZER_NONNULL = YES;
				CLANG_WARN_DOCUMENTATION_COMMENTS = YES;
				DEBUG_INFORMATION_FORMAT = dwarf;
				DEVELOPMENT_TEAM = QHAYH73D9C;
				INFOPLIST_FILE = "Himotoki Sample/Info.plist";
				IPHONEOS_DEPLOYMENT_TARGET = 8.0;
				LD_RUNPATH_SEARCH_PATHS = "$(inherited) @executable_path/Frameworks";
				PRODUCT_BUNDLE_IDENTIFIER = "com.vunhatminh.Himotoki-Sample";
				PRODUCT_NAME = "$(TARGET_NAME)";
				SWIFT_ACTIVE_COMPILATION_CONDITIONS = DEBUG;
				SWIFT_VERSION = 3.0;
				TARGETED_DEVICE_FAMILY = "1,2";
			};
			name = Debug;
		};
		B43DF6871E0E611C0045688F /* Release */ = {
			isa = XCBuildConfiguration;
			baseConfigurationReference = 39BA8789BBAC353484FB9227 /* Pods-Himotoki Sample.release.xcconfig */;
			buildSettings = {
				ALWAYS_EMBED_SWIFT_STANDARD_LIBRARIES = YES;
				CLANG_ANALYZER_NONNULL = YES;
				CLANG_WARN_DOCUMENTATION_COMMENTS = YES;
				DEVELOPMENT_TEAM = QHAYH73D9C;
				INFOPLIST_FILE = "Himotoki Sample/Info.plist";
				IPHONEOS_DEPLOYMENT_TARGET = 8.0;
				LD_RUNPATH_SEARCH_PATHS = "$(inherited) @executable_path/Frameworks";
				PRODUCT_BUNDLE_IDENTIFIER = "com.vunhatminh.Himotoki-Sample";
				PRODUCT_NAME = "$(TARGET_NAME)";
				SWIFT_VERSION = 3.0;
				TARGETED_DEVICE_FAMILY = "1,2";
			};
			name = Release;
		};
		B44A08671E34A2C30013C000 /* Debug */ = {
			isa = XCBuildConfiguration;
			baseConfigurationReference = CDDA66EECCDE10611D49632E /* Pods-ModelMapper Sample.debug.xcconfig */;
			buildSettings = {
				ALWAYS_EMBED_SWIFT_STANDARD_LIBRARIES = YES;
				DEVELOPMENT_TEAM = QHAYH73D9C;
				INFOPLIST_FILE = "ModelMapper Sample/Supporting Files/Info.plist";
				IPHONEOS_DEPLOYMENT_TARGET = 8.0;
				LD_RUNPATH_SEARCH_PATHS = "$(inherited) @executable_path/Frameworks";
				MODULE_NAME = ExampleApp;
				PRODUCT_BUNDLE_IDENTIFIER = "com.vunhatminh.ObjectMapper-Sample";
				PRODUCT_NAME = "$(TARGET_NAME)";
				SWIFT_VERSION = 3.0;
				TARGETED_DEVICE_FAMILY = "1,2";
			};
			name = Debug;
		};
		B44A08681E34A2C30013C000 /* Release */ = {
			isa = XCBuildConfiguration;
			baseConfigurationReference = 2190DC169E246D97F5BF2C01 /* Pods-ModelMapper Sample.release.xcconfig */;
			buildSettings = {
				ALWAYS_EMBED_SWIFT_STANDARD_LIBRARIES = YES;
				DEVELOPMENT_TEAM = QHAYH73D9C;
				INFOPLIST_FILE = "ModelMapper Sample/Supporting Files/Info.plist";
				IPHONEOS_DEPLOYMENT_TARGET = 8.0;
				LD_RUNPATH_SEARCH_PATHS = "$(inherited) @executable_path/Frameworks";
				MODULE_NAME = ExampleApp;
				PRODUCT_BUNDLE_IDENTIFIER = "com.vunhatminh.ObjectMapper-Sample";
				PRODUCT_NAME = "$(TARGET_NAME)";
				SWIFT_VERSION = 3.0;
				TARGETED_DEVICE_FAMILY = "1,2";
			};
			name = Release;
		};
/* End XCBuildConfiguration section */

/* Begin XCConfigurationList section */
		607FACCB1AFB9204008FA782 /* Build configuration list for PBXProject "APIKitExt" */ = {
			isa = XCConfigurationList;
			buildConfigurations = (
				607FACED1AFB9204008FA782 /* Debug */,
				607FACEE1AFB9204008FA782 /* Release */,
			);
			defaultConfigurationIsVisible = 0;
			defaultConfigurationName = Release;
		};
		607FACEF1AFB9204008FA782 /* Build configuration list for PBXNativeTarget "ObjectMapper Sample" */ = {
			isa = XCConfigurationList;
			buildConfigurations = (
				607FACF01AFB9204008FA782 /* Debug */,
				607FACF11AFB9204008FA782 /* Release */,
			);
			defaultConfigurationIsVisible = 0;
			defaultConfigurationName = Release;
		};
		B406BBC51E2D304500B0D2A4 /* Build configuration list for PBXNativeTarget "SwiftyJSON Sample" */ = {
			isa = XCConfigurationList;
			buildConfigurations = (
				B406BBC61E2D304500B0D2A4 /* Debug */,
				B406BBC71E2D304500B0D2A4 /* Release */,
			);
			defaultConfigurationIsVisible = 0;
			defaultConfigurationName = Release;
		};
		B412A56E1E34AE690073C683 /* Build configuration list for PBXNativeTarget "JASON Sample" */ = {
			isa = XCConfigurationList;
			buildConfigurations = (
				B412A56F1E34AE690073C683 /* Debug */,
				B412A5701E34AE690073C683 /* Release */,
			);
			defaultConfigurationIsVisible = 0;
			defaultConfigurationName = Release;
		};
		B413752B1E23D3490030460E /* Build configuration list for PBXNativeTarget "Himotoki Sample Tests" */ = {
			isa = XCConfigurationList;
			buildConfigurations = (
				B413752C1E23D3490030460E /* Debug */,
				B413752D1E23D3490030460E /* Release */,
			);
			defaultConfigurationIsVisible = 0;
			defaultConfigurationName = Release;
		};
		B41BC4451E0E37450075ED16 /* Build configuration list for PBXNativeTarget "Argo Sample" */ = {
			isa = XCConfigurationList;
			buildConfigurations = (
				B41BC4431E0E37450075ED16 /* Debug */,
				B41BC4441E0E37450075ED16 /* Release */,
			);
			defaultConfigurationIsVisible = 0;
			defaultConfigurationName = Release;
		};
		B43DF6881E0E611C0045688F /* Build configuration list for PBXNativeTarget "Himotoki Sample" */ = {
			isa = XCConfigurationList;
			buildConfigurations = (
				B43DF6861E0E611C0045688F /* Debug */,
				B43DF6871E0E611C0045688F /* Release */,
			);
			defaultConfigurationIsVisible = 0;
			defaultConfigurationName = Release;
		};
		B44A08661E34A2C30013C000 /* Build configuration list for PBXNativeTarget "ModelMapper Sample" */ = {
			isa = XCConfigurationList;
			buildConfigurations = (
				B44A08671E34A2C30013C000 /* Debug */,
				B44A08681E34A2C30013C000 /* Release */,
			);
			defaultConfigurationIsVisible = 0;
			defaultConfigurationName = Release;
		};
/* End XCConfigurationList section */
	};
	rootObject = 607FACC81AFB9204008FA782 /* Project object */;
}
